// !$*UTF8*$!
{
	archiveVersion = 1;
	classes = {
	};
	objectVersion = 46;
	objects = {

/* Begin PBXBuildFile section */
		E407CA7218308103007B266A /* Foundation.framework in Frameworks */ = {isa = PBXBuildFile; fileRef = E407CA7118308103007B266A /* Foundation.framework */; };
		E407CA7418308103007B266A /* CoreGraphics.framework in Frameworks */ = {isa = PBXBuildFile; fileRef = E407CA7318308103007B266A /* CoreGraphics.framework */; };
		E407CA7618308103007B266A /* UIKit.framework in Frameworks */ = {isa = PBXBuildFile; fileRef = E407CA7518308103007B266A /* UIKit.framework */; };
		E407CA7C18308103007B266A /* InfoPlist.strings in Resources */ = {isa = PBXBuildFile; fileRef = E407CA7A18308103007B266A /* InfoPlist.strings */; };
		E407CA7E18308103007B266A /* main.m in Sources */ = {isa = PBXBuildFile; fileRef = E407CA7D18308103007B266A /* main.m */; };
		E407CA8218308103007B266A /* LGQAppDelegate.m in Sources */ = {isa = PBXBuildFile; fileRef = E407CA8118308103007B266A /* LGQAppDelegate.m */; };
		E407CA8418308103007B266A /* Images.xcassets in Resources */ = {isa = PBXBuildFile; fileRef = E407CA8318308103007B266A /* Images.xcassets */; };
		E407CA8B18308103007B266A /* XCTest.framework in Frameworks */ = {isa = PBXBuildFile; fileRef = E407CA8A18308103007B266A /* XCTest.framework */; };
		E407CA8C18308103007B266A /* Foundation.framework in Frameworks */ = {isa = PBXBuildFile; fileRef = E407CA7118308103007B266A /* Foundation.framework */; };
		E407CA8D18308103007B266A /* UIKit.framework in Frameworks */ = {isa = PBXBuildFile; fileRef = E407CA7518308103007B266A /* UIKit.framework */; };
		E407CA9518308103007B266A /* InfoPlist.strings in Resources */ = {isa = PBXBuildFile; fileRef = E407CA9318308103007B266A /* InfoPlist.strings */; };
		E407CA9718308103007B266A /* DZprojectTests.m in Sources */ = {isa = PBXBuildFile; fileRef = E407CA9618308103007B266A /* DZprojectTests.m */; };
		E407CAA318308138007B266A /* MainStoryboard.storyboard in Resources */ = {isa = PBXBuildFile; fileRef = E407CAA218308138007B266A /* MainStoryboard.storyboard */; };
		E407CAA618308161007B266A /* RootViewController.m in Sources */ = {isa = PBXBuildFile; fileRef = E407CAA518308161007B266A /* RootViewController.m */; };
		E407CAAA183081EE007B266A /* KxMenu.m in Sources */ = {isa = PBXBuildFile; fileRef = E407CAA9183081EE007B266A /* KxMenu.m */; };
		E407CAAE18308202007B266A /* more.png in Resources */ = {isa = PBXBuildFile; fileRef = E407CAAB18308202007B266A /* more.png */; };
		E407CAAF18308202007B266A /* eat.png in Resources */ = {isa = PBXBuildFile; fileRef = E407CAAC18308202007B266A /* eat.png */; };
		E407CAB018308202007B266A /* love.png in Resources */ = {isa = PBXBuildFile; fileRef = E407CAAD18308202007B266A /* love.png */; };
		E407CAB51830823D007B266A /* Reachability.m in Sources */ = {isa = PBXBuildFile; fileRef = E407CAB41830823D007B266A /* Reachability.m */; };
		E407CACE1830824F007B266A /* PBBarButtonIconButton.m in Sources */ = {isa = PBXBuildFile; fileRef = E407CAB71830824F007B266A /* PBBarButtonIconButton.m */; };
		E407CACF1830824F007B266A /* PBFlatBarButtonItems.m in Sources */ = {isa = PBXBuildFile; fileRef = E407CAB91830824F007B266A /* PBFlatBarButtonItems.m */; };
		E407CAD01830824F007B266A /* PBFlatButton.m in Sources */ = {isa = PBXBuildFile; fileRef = E407CABB1830824F007B266A /* PBFlatButton.m */; };
		E407CAD11830824F007B266A /* PBFlatButtonWithIcon.m in Sources */ = {isa = PBXBuildFile; fileRef = E407CABD1830824F007B266A /* PBFlatButtonWithIcon.m */; };
		E407CAD21830824F007B266A /* PBFlatGroupedStyleCell.m in Sources */ = {isa = PBXBuildFile; fileRef = E407CABF1830824F007B266A /* PBFlatGroupedStyleCell.m */; };
		E407CAD31830824F007B266A /* PBFlatGroupedTableViewController.m in Sources */ = {isa = PBXBuildFile; fileRef = E407CAC11830824F007B266A /* PBFlatGroupedTableViewController.m */; };
		E407CAD41830824F007B266A /* PBFlatRoundedImageView.m in Sources */ = {isa = PBXBuildFile; fileRef = E407CAC31830824F007B266A /* PBFlatRoundedImageView.m */; };
		E407CAD51830824F007B266A /* PBFlatSegmentedControl.m in Sources */ = {isa = PBXBuildFile; fileRef = E407CAC51830824F007B266A /* PBFlatSegmentedControl.m */; };
		E407CAD61830824F007B266A /* PBFlatSettings.m in Sources */ = {isa = PBXBuildFile; fileRef = E407CAC71830824F007B266A /* PBFlatSettings.m */; };
		E407CAD71830824F007B266A /* PBFlatTextfield.m in Sources */ = {isa = PBXBuildFile; fileRef = E407CAC91830824F007B266A /* PBFlatTextfield.m */; };
		E407CAD81830824F007B266A /* PBIconDrawning.m in Sources */ = {isa = PBXBuildFile; fileRef = E407CACB1830824F007B266A /* PBIconDrawning.m */; };
		E407CAD91830824F007B266A /* UIImage+Additions.m in Sources */ = {isa = PBXBuildFile; fileRef = E407CACD1830824F007B266A /* UIImage+Additions.m */; };
		E407CADC183083D8007B266A /* DZViewController.m in Sources */ = {isa = PBXBuildFile; fileRef = E407CADB183083D8007B266A /* DZViewController.m */; };
		E4218FF01833563E00374F21 /* MerchantsViewController.m in Sources */ = {isa = PBXBuildFile; fileRef = E4218FEF1833563E00374F21 /* MerchantsViewController.m */; };
		E426EAEA1834B3DA0022E39F /* MyViewController.m in Sources */ = {isa = PBXBuildFile; fileRef = E426EAE91834B3DA0022E39F /* MyViewController.m */; };
		E426EB061834FBA50022E39F /* MapViewController.m in Sources */ = {isa = PBXBuildFile; fileRef = E426EB051834FBA50022E39F /* MapViewController.m */; };
		E42C9F1A1833E1FA009297ED /* MapKit.framework in Frameworks */ = {isa = PBXBuildFile; fileRef = E42C9F191833E1FA009297ED /* MapKit.framework */; };
		E4B747281830C5A300B427D4 /* cell_album.png in Resources */ = {isa = PBXBuildFile; fileRef = E4B747271830C5A300B427D4 /* cell_album.png */; };
		E4B7472B1830C5ED00B427D4 /* BuessViewController.m in Sources */ = {isa = PBXBuildFile; fileRef = E4B7472A1830C5ED00B427D4 /* BuessViewController.m */; };
		E4B747321830FE8100B427D4 /* DPAPI.m in Sources */ = {isa = PBXBuildFile; fileRef = E4B7472E1830FE8100B427D4 /* DPAPI.m */; };
		E4B747331830FE8100B427D4 /* DPRequest.m in Sources */ = {isa = PBXBuildFile; fileRef = E4B747301830FE8100B427D4 /* DPRequest.m */; };
		E4B7474E1830FEE100B427D4 /* NSObject+SBJson.m in Sources */ = {isa = PBXBuildFile; fileRef = E4B747361830FEE100B427D4 /* NSObject+SBJson.m */; };
		E4B7474F1830FEE100B427D4 /* SBJsonParser.m in Sources */ = {isa = PBXBuildFile; fileRef = E4B747391830FEE100B427D4 /* SBJsonParser.m */; };
		E4B747501830FEE100B427D4 /* SBJsonStreamParser.m in Sources */ = {isa = PBXBuildFile; fileRef = E4B7473B1830FEE100B427D4 /* SBJsonStreamParser.m */; };
		E4B747511830FEE100B427D4 /* SBJsonStreamParserAccumulator.m in Sources */ = {isa = PBXBuildFile; fileRef = E4B7473D1830FEE100B427D4 /* SBJsonStreamParserAccumulator.m */; };
		E4B747521830FEE100B427D4 /* SBJsonStreamParserAdapter.m in Sources */ = {isa = PBXBuildFile; fileRef = E4B7473F1830FEE100B427D4 /* SBJsonStreamParserAdapter.m */; };
		E4B747531830FEE100B427D4 /* SBJsonStreamParserState.m in Sources */ = {isa = PBXBuildFile; fileRef = E4B747411830FEE100B427D4 /* SBJsonStreamParserState.m */; };
		E4B747541830FEE100B427D4 /* SBJsonStreamWriter.m in Sources */ = {isa = PBXBuildFile; fileRef = E4B747431830FEE100B427D4 /* SBJsonStreamWriter.m */; };
		E4B747551830FEE100B427D4 /* SBJsonStreamWriterAccumulator.m in Sources */ = {isa = PBXBuildFile; fileRef = E4B747451830FEE100B427D4 /* SBJsonStreamWriterAccumulator.m */; };
		E4B747561830FEE100B427D4 /* SBJsonStreamWriterState.m in Sources */ = {isa = PBXBuildFile; fileRef = E4B747471830FEE100B427D4 /* SBJsonStreamWriterState.m */; };
		E4B747571830FEE100B427D4 /* SBJsonTokeniser.m in Sources */ = {isa = PBXBuildFile; fileRef = E4B747491830FEE100B427D4 /* SBJsonTokeniser.m */; };
		E4B747581830FEE100B427D4 /* SBJsonUTF8Stream.m in Sources */ = {isa = PBXBuildFile; fileRef = E4B7474B1830FEE100B427D4 /* SBJsonUTF8Stream.m */; };
		E4B747591830FEE100B427D4 /* SBJsonWriter.m in Sources */ = {isa = PBXBuildFile; fileRef = E4B7474D1830FEE100B427D4 /* SBJsonWriter.m */; };
		E4B7475C18311F5A00B427D4 /* buy.png in Resources */ = {isa = PBXBuildFile; fileRef = E4B7475B18311F5A00B427D4 /* buy.png */; };
		E4B7475F18312A3900B427D4 /* NSString+EncodingUTF8Additions.m in Sources */ = {isa = PBXBuildFile; fileRef = E4B7475E18312A3900B427D4 /* NSString+EncodingUTF8Additions.m */; };
		E4DFB8131830B73B009F77CA /* fashion.png in Resources */ = {isa = PBXBuildFile; fileRef = E4DFB8111830B73B009F77CA /* fashion.png */; };
		E4DFB8141830B73B009F77CA /* play.png in Resources */ = {isa = PBXBuildFile; fileRef = E4DFB8121830B73B009F77CA /* play.png */; };
		E4E64BFC183225D800F5ACBD /* SystemConfiguration.framework in Frameworks */ = {isa = PBXBuildFile; fileRef = E4E64BFB183225D800F5ACBD /* SystemConfiguration.framework */; };
		E4E64C021832303600F5ACBD /* CustomeCell.xib in Resources */ = {isa = PBXBuildFile; fileRef = E4E64C011832303600F5ACBD /* CustomeCell.xib */; };
		E4E64C051832323E00F5ACBD /* CustomeCell.m in Sources */ = {isa = PBXBuildFile; fileRef = E4E64C041832323E00F5ACBD /* CustomeCell.m */; };
		E4E64C0A1832548000F5ACBD /* PlayViewController.m in Sources */ = {isa = PBXBuildFile; fileRef = E4E64C091832548000F5ACBD /* PlayViewController.m */; };
		E4EBD38318373AE6009A0903 /* MapLocation.m in Sources */ = {isa = PBXBuildFile; fileRef = E4EBD38218373AE6009A0903 /* MapLocation.m */; };
		E4EBD3D91837BB0B009A0903 /* UITableContract@2x.png in Resources */ = {isa = PBXBuildFile; fileRef = E4EBD3D71837BB0B009A0903 /* UITableContract@2x.png */; };
		E4EBD3DA1837BB0B009A0903 /* UITableExpand@2x.png in Resources */ = {isa = PBXBuildFile; fileRef = E4EBD3D81837BB0B009A0903 /* UITableExpand@2x.png */; };
/* End PBXBuildFile section */

/* Begin PBXContainerItemProxy section */
		E407CA8E18308103007B266A /* PBXContainerItemProxy */ = {
			isa = PBXContainerItemProxy;
			containerPortal = E407CA6618308103007B266A /* Project object */;
			proxyType = 1;
			remoteGlobalIDString = E407CA6D18308103007B266A;
			remoteInfo = DZproject;
		};
/* End PBXContainerItemProxy section */

/* Begin PBXFileReference section */
		E407CA6E18308103007B266A /* DZproject.app */ = {isa = PBXFileReference; explicitFileType = wrapper.application; includeInIndex = 0; path = DZproject.app; sourceTree = BUILT_PRODUCTS_DIR; };
		E407CA7118308103007B266A /* Foundation.framework */ = {isa = PBXFileReference; lastKnownFileType = wrapper.framework; name = Foundation.framework; path = System/Library/Frameworks/Foundation.framework; sourceTree = SDKROOT; };
		E407CA7318308103007B266A /* CoreGraphics.framework */ = {isa = PBXFileReference; lastKnownFileType = wrapper.framework; name = CoreGraphics.framework; path = System/Library/Frameworks/CoreGraphics.framework; sourceTree = SDKROOT; };
		E407CA7518308103007B266A /* UIKit.framework */ = {isa = PBXFileReference; lastKnownFileType = wrapper.framework; name = UIKit.framework; path = System/Library/Frameworks/UIKit.framework; sourceTree = SDKROOT; };
		E407CA7918308103007B266A /* DZproject-Info.plist */ = {isa = PBXFileReference; lastKnownFileType = text.plist.xml; path = "DZproject-Info.plist"; sourceTree = "<group>"; };
		E407CA7B18308103007B266A /* en */ = {isa = PBXFileReference; lastKnownFileType = text.plist.strings; name = en; path = en.lproj/InfoPlist.strings; sourceTree = "<group>"; };
		E407CA7D18308103007B266A /* main.m */ = {isa = PBXFileReference; lastKnownFileType = sourcecode.c.objc; path = main.m; sourceTree = "<group>"; };
		E407CA7F18308103007B266A /* DZproject-Prefix.pch */ = {isa = PBXFileReference; lastKnownFileType = sourcecode.c.h; path = "DZproject-Prefix.pch"; sourceTree = "<group>"; };
		E407CA8018308103007B266A /* LGQAppDelegate.h */ = {isa = PBXFileReference; lastKnownFileType = sourcecode.c.h; path = LGQAppDelegate.h; sourceTree = "<group>"; };
		E407CA8118308103007B266A /* LGQAppDelegate.m */ = {isa = PBXFileReference; lastKnownFileType = sourcecode.c.objc; path = LGQAppDelegate.m; sourceTree = "<group>"; };
		E407CA8318308103007B266A /* Images.xcassets */ = {isa = PBXFileReference; lastKnownFileType = folder.assetcatalog; path = Images.xcassets; sourceTree = "<group>"; };
		E407CA8918308103007B266A /* DZprojectTests.xctest */ = {isa = PBXFileReference; explicitFileType = wrapper.cfbundle; includeInIndex = 0; path = DZprojectTests.xctest; sourceTree = BUILT_PRODUCTS_DIR; };
		E407CA8A18308103007B266A /* XCTest.framework */ = {isa = PBXFileReference; lastKnownFileType = wrapper.framework; name = XCTest.framework; path = Library/Frameworks/XCTest.framework; sourceTree = DEVELOPER_DIR; };
		E407CA9218308103007B266A /* DZprojectTests-Info.plist */ = {isa = PBXFileReference; lastKnownFileType = text.plist.xml; path = "DZprojectTests-Info.plist"; sourceTree = "<group>"; };
		E407CA9418308103007B266A /* en */ = {isa = PBXFileReference; lastKnownFileType = text.plist.strings; name = en; path = en.lproj/InfoPlist.strings; sourceTree = "<group>"; };
		E407CA9618308103007B266A /* DZprojectTests.m */ = {isa = PBXFileReference; lastKnownFileType = sourcecode.c.objc; path = DZprojectTests.m; sourceTree = "<group>"; };
		E407CAA218308138007B266A /* MainStoryboard.storyboard */ = {isa = PBXFileReference; fileEncoding = 4; lastKnownFileType = file.storyboard; path = MainStoryboard.storyboard; sourceTree = "<group>"; };
		E407CAA418308161007B266A /* RootViewController.h */ = {isa = PBXFileReference; fileEncoding = 4; lastKnownFileType = sourcecode.c.h; path = RootViewController.h; sourceTree = "<group>"; };
		E407CAA518308161007B266A /* RootViewController.m */ = {isa = PBXFileReference; fileEncoding = 4; lastKnownFileType = sourcecode.c.objc; path = RootViewController.m; sourceTree = "<group>"; };
		E407CAA8183081EE007B266A /* KxMenu.h */ = {isa = PBXFileReference; fileEncoding = 4; lastKnownFileType = sourcecode.c.h; path = KxMenu.h; sourceTree = "<group>"; };
		E407CAA9183081EE007B266A /* KxMenu.m */ = {isa = PBXFileReference; fileEncoding = 4; lastKnownFileType = sourcecode.c.objc; path = KxMenu.m; sourceTree = "<group>"; };
		E407CAAB18308202007B266A /* more.png */ = {isa = PBXFileReference; lastKnownFileType = image.png; path = more.png; sourceTree = "<group>"; };
		E407CAAC18308202007B266A /* eat.png */ = {isa = PBXFileReference; lastKnownFileType = image.png; path = eat.png; sourceTree = "<group>"; };
		E407CAAD18308202007B266A /* love.png */ = {isa = PBXFileReference; lastKnownFileType = image.png; path = love.png; sourceTree = "<group>"; };
		E407CAB31830823D007B266A /* Reachability.h */ = {isa = PBXFileReference; fileEncoding = 4; lastKnownFileType = sourcecode.c.h; name = Reachability.h; path = "../../../../../Reachability-master/Reachability.h"; sourceTree = "<group>"; };
		E407CAB41830823D007B266A /* Reachability.m */ = {isa = PBXFileReference; fileEncoding = 4; lastKnownFileType = sourcecode.c.objc; name = Reachability.m; path = "../../../../../Reachability-master/Reachability.m"; sourceTree = "<group>"; };
		E407CAB61830824F007B266A /* PBBarButtonIconButton.h */ = {isa = PBXFileReference; fileEncoding = 4; lastKnownFileType = sourcecode.c.h; name = PBBarButtonIconButton.h; path = "../../../../框架/FlatUI-master/FlatUI/Classess/PBBarButtonIconButton.h"; sourceTree = "<group>"; };
		E407CAB71830824F007B266A /* PBBarButtonIconButton.m */ = {isa = PBXFileReference; fileEncoding = 4; lastKnownFileType = sourcecode.c.objc; name = PBBarButtonIconButton.m; path = "../../../../框架/FlatUI-master/FlatUI/Classess/PBBarButtonIconButton.m"; sourceTree = "<group>"; };
		E407CAB81830824F007B266A /* PBFlatBarButtonItems.h */ = {isa = PBXFileReference; fileEncoding = 4; lastKnownFileType = sourcecode.c.h; name = PBFlatBarButtonItems.h; path = "../../../../框架/FlatUI-master/FlatUI/Classess/PBFlatBarButtonItems.h"; sourceTree = "<group>"; };
		E407CAB91830824F007B266A /* PBFlatBarButtonItems.m */ = {isa = PBXFileReference; fileEncoding = 4; lastKnownFileType = sourcecode.c.objc; name = PBFlatBarButtonItems.m; path = "../../../../框架/FlatUI-master/FlatUI/Classess/PBFlatBarButtonItems.m"; sourceTree = "<group>"; };
		E407CABA1830824F007B266A /* PBFlatButton.h */ = {isa = PBXFileReference; fileEncoding = 4; lastKnownFileType = sourcecode.c.h; name = PBFlatButton.h; path = "../../../../框架/FlatUI-master/FlatUI/Classess/PBFlatButton.h"; sourceTree = "<group>"; };
		E407CABB1830824F007B266A /* PBFlatButton.m */ = {isa = PBXFileReference; fileEncoding = 4; lastKnownFileType = sourcecode.c.objc; name = PBFlatButton.m; path = "../../../../框架/FlatUI-master/FlatUI/Classess/PBFlatButton.m"; sourceTree = "<group>"; };
		E407CABC1830824F007B266A /* PBFlatButtonWithIcon.h */ = {isa = PBXFileReference; fileEncoding = 4; lastKnownFileType = sourcecode.c.h; name = PBFlatButtonWithIcon.h; path = "../../../../框架/FlatUI-master/FlatUI/Classess/PBFlatButtonWithIcon.h"; sourceTree = "<group>"; };
		E407CABD1830824F007B266A /* PBFlatButtonWithIcon.m */ = {isa = PBXFileReference; fileEncoding = 4; lastKnownFileType = sourcecode.c.objc; name = PBFlatButtonWithIcon.m; path = "../../../../框架/FlatUI-master/FlatUI/Classess/PBFlatButtonWithIcon.m"; sourceTree = "<group>"; };
		E407CABE1830824F007B266A /* PBFlatGroupedStyleCell.h */ = {isa = PBXFileReference; fileEncoding = 4; lastKnownFileType = sourcecode.c.h; name = PBFlatGroupedStyleCell.h; path = "../../../../框架/FlatUI-master/FlatUI/Classess/PBFlatGroupedStyleCell.h"; sourceTree = "<group>"; };
		E407CABF1830824F007B266A /* PBFlatGroupedStyleCell.m */ = {isa = PBXFileReference; fileEncoding = 4; lastKnownFileType = sourcecode.c.objc; name = PBFlatGroupedStyleCell.m; path = "../../../../框架/FlatUI-master/FlatUI/Classess/PBFlatGroupedStyleCell.m"; sourceTree = "<group>"; };
		E407CAC01830824F007B266A /* PBFlatGroupedTableViewController.h */ = {isa = PBXFileReference; fileEncoding = 4; lastKnownFileType = sourcecode.c.h; name = PBFlatGroupedTableViewController.h; path = "../../../../框架/FlatUI-master/FlatUI/Classess/PBFlatGroupedTableViewController.h"; sourceTree = "<group>"; };
		E407CAC11830824F007B266A /* PBFlatGroupedTableViewController.m */ = {isa = PBXFileReference; fileEncoding = 4; lastKnownFileType = sourcecode.c.objc; name = PBFlatGroupedTableViewController.m; path = "../../../../框架/FlatUI-master/FlatUI/Classess/PBFlatGroupedTableViewController.m"; sourceTree = "<group>"; };
		E407CAC21830824F007B266A /* PBFlatRoundedImageView.h */ = {isa = PBXFileReference; fileEncoding = 4; lastKnownFileType = sourcecode.c.h; name = PBFlatRoundedImageView.h; path = "../../../../框架/FlatUI-master/FlatUI/Classess/PBFlatRoundedImageView.h"; sourceTree = "<group>"; };
		E407CAC31830824F007B266A /* PBFlatRoundedImageView.m */ = {isa = PBXFileReference; fileEncoding = 4; lastKnownFileType = sourcecode.c.objc; name = PBFlatRoundedImageView.m; path = "../../../../框架/FlatUI-master/FlatUI/Classess/PBFlatRoundedImageView.m"; sourceTree = "<group>"; };
		E407CAC41830824F007B266A /* PBFlatSegmentedControl.h */ = {isa = PBXFileReference; fileEncoding = 4; lastKnownFileType = sourcecode.c.h; name = PBFlatSegmentedControl.h; path = "../../../../框架/FlatUI-master/FlatUI/Classess/PBFlatSegmentedControl.h"; sourceTree = "<group>"; };
		E407CAC51830824F007B266A /* PBFlatSegmentedControl.m */ = {isa = PBXFileReference; fileEncoding = 4; lastKnownFileType = sourcecode.c.objc; name = PBFlatSegmentedControl.m; path = "../../../../框架/FlatUI-master/FlatUI/Classess/PBFlatSegmentedControl.m"; sourceTree = "<group>"; };
		E407CAC61830824F007B266A /* PBFlatSettings.h */ = {isa = PBXFileReference; fileEncoding = 4; lastKnownFileType = sourcecode.c.h; name = PBFlatSettings.h; path = "../../../../框架/FlatUI-master/FlatUI/Classess/PBFlatSettings.h"; sourceTree = "<group>"; };
		E407CAC71830824F007B266A /* PBFlatSettings.m */ = {isa = PBXFileReference; fileEncoding = 4; lastKnownFileType = sourcecode.c.objc; name = PBFlatSettings.m; path = "../../../../框架/FlatUI-master/FlatUI/Classess/PBFlatSettings.m"; sourceTree = "<group>"; };
		E407CAC81830824F007B266A /* PBFlatTextfield.h */ = {isa = PBXFileReference; fileEncoding = 4; lastKnownFileType = sourcecode.c.h; name = PBFlatTextfield.h; path = "../../../../框架/FlatUI-master/FlatUI/Classess/PBFlatTextfield.h"; sourceTree = "<group>"; };
		E407CAC91830824F007B266A /* PBFlatTextfield.m */ = {isa = PBXFileReference; fileEncoding = 4; lastKnownFileType = sourcecode.c.objc; name = PBFlatTextfield.m; path = "../../../../框架/FlatUI-master/FlatUI/Classess/PBFlatTextfield.m"; sourceTree = "<group>"; };
		E407CACA1830824F007B266A /* PBIconDrawning.h */ = {isa = PBXFileReference; fileEncoding = 4; lastKnownFileType = sourcecode.c.h; name = PBIconDrawning.h; path = "../../../../框架/FlatUI-master/FlatUI/Classess/PBIconDrawning.h"; sourceTree = "<group>"; };
		E407CACB1830824F007B266A /* PBIconDrawning.m */ = {isa = PBXFileReference; fileEncoding = 4; lastKnownFileType = sourcecode.c.objc; name = PBIconDrawning.m; path = "../../../../框架/FlatUI-master/FlatUI/Classess/PBIconDrawning.m"; sourceTree = "<group>"; };
		E407CACC1830824F007B266A /* UIImage+Additions.h */ = {isa = PBXFileReference; fileEncoding = 4; lastKnownFileType = sourcecode.c.h; name = "UIImage+Additions.h"; path = "../../../../框架/FlatUI-master/FlatUI/Classess/UIImage+Additions.h"; sourceTree = "<group>"; };
		E407CACD1830824F007B266A /* UIImage+Additions.m */ = {isa = PBXFileReference; fileEncoding = 4; lastKnownFileType = sourcecode.c.objc; name = "UIImage+Additions.m"; path = "../../../../框架/FlatUI-master/FlatUI/Classess/UIImage+Additions.m"; sourceTree = "<group>"; };
		E407CADA183083D8007B266A /* DZViewController.h */ = {isa = PBXFileReference; fileEncoding = 4; lastKnownFileType = sourcecode.c.h; path = DZViewController.h; sourceTree = "<group>"; };
		E407CADB183083D8007B266A /* DZViewController.m */ = {isa = PBXFileReference; fileEncoding = 4; lastKnownFileType = sourcecode.c.objc; path = DZViewController.m; sourceTree = "<group>"; };
		E4218FEE1833563E00374F21 /* MerchantsViewController.h */ = {isa = PBXFileReference; fileEncoding = 4; lastKnownFileType = sourcecode.c.h; path = MerchantsViewController.h; sourceTree = "<group>"; };
		E4218FEF1833563E00374F21 /* MerchantsViewController.m */ = {isa = PBXFileReference; fileEncoding = 4; lastKnownFileType = sourcecode.c.objc; path = MerchantsViewController.m; sourceTree = "<group>"; };
		E426EAE81834B3DA0022E39F /* MyViewController.h */ = {isa = PBXFileReference; fileEncoding = 4; lastKnownFileType = sourcecode.c.h; path = MyViewController.h; sourceTree = "<group>"; };
		E426EAE91834B3DA0022E39F /* MyViewController.m */ = {isa = PBXFileReference; fileEncoding = 4; lastKnownFileType = sourcecode.c.objc; path = MyViewController.m; sourceTree = "<group>"; };
		E426EB041834FBA50022E39F /* MapViewController.h */ = {isa = PBXFileReference; fileEncoding = 4; lastKnownFileType = sourcecode.c.h; path = MapViewController.h; sourceTree = "<group>"; };
		E426EB051834FBA50022E39F /* MapViewController.m */ = {isa = PBXFileReference; fileEncoding = 4; lastKnownFileType = sourcecode.c.objc; path = MapViewController.m; sourceTree = "<group>"; };
		E42C9ED51833A5FD009297ED /* NotifitionNames.h */ = {isa = PBXFileReference; lastKnownFileType = sourcecode.c.h; path = NotifitionNames.h; sourceTree = "<group>"; };
		E42C9F191833E1FA009297ED /* MapKit.framework */ = {isa = PBXFileReference; lastKnownFileType = wrapper.framework; name = MapKit.framework; path = System/Library/Frameworks/MapKit.framework; sourceTree = SDKROOT; };
		E4B747271830C5A300B427D4 /* cell_album.png */ = {isa = PBXFileReference; lastKnownFileType = image.png; path = cell_album.png; sourceTree = "<group>"; };
		E4B747291830C5ED00B427D4 /* BuessViewController.h */ = {isa = PBXFileReference; fileEncoding = 4; lastKnownFileType = sourcecode.c.h; path = BuessViewController.h; sourceTree = "<group>"; };
		E4B7472A1830C5ED00B427D4 /* BuessViewController.m */ = {isa = PBXFileReference; fileEncoding = 4; lastKnownFileType = sourcecode.c.objc; path = BuessViewController.m; sourceTree = "<group>"; };
		E4B7472D1830FE8100B427D4 /* DPAPI.h */ = {isa = PBXFileReference; fileEncoding = 4; lastKnownFileType = sourcecode.c.h; path = DPAPI.h; sourceTree = "<group>"; };
		E4B7472E1830FE8100B427D4 /* DPAPI.m */ = {isa = PBXFileReference; fileEncoding = 4; lastKnownFileType = sourcecode.c.objc; path = DPAPI.m; sourceTree = "<group>"; };
		E4B7472F1830FE8100B427D4 /* DPRequest.h */ = {isa = PBXFileReference; fileEncoding = 4; lastKnownFileType = sourcecode.c.h; path = DPRequest.h; sourceTree = "<group>"; };
		E4B747301830FE8100B427D4 /* DPRequest.m */ = {isa = PBXFileReference; fileEncoding = 4; lastKnownFileType = sourcecode.c.objc; path = DPRequest.m; sourceTree = "<group>"; };
		E4B747311830FE8100B427D4 /* DPConstants.h */ = {isa = PBXFileReference; fileEncoding = 4; lastKnownFileType = sourcecode.c.h; path = DPConstants.h; sourceTree = "<group>"; };
		E4B747351830FEE100B427D4 /* NSObject+SBJson.h */ = {isa = PBXFileReference; fileEncoding = 4; lastKnownFileType = sourcecode.c.h; path = "NSObject+SBJson.h"; sourceTree = "<group>"; };
		E4B747361830FEE100B427D4 /* NSObject+SBJson.m */ = {isa = PBXFileReference; fileEncoding = 4; lastKnownFileType = sourcecode.c.objc; path = "NSObject+SBJson.m"; sourceTree = "<group>"; };
		E4B747371830FEE100B427D4 /* SBJson.h */ = {isa = PBXFileReference; fileEncoding = 4; lastKnownFileType = sourcecode.c.h; path = SBJson.h; sourceTree = "<group>"; };
		E4B747381830FEE100B427D4 /* SBJsonParser.h */ = {isa = PBXFileReference; fileEncoding = 4; lastKnownFileType = sourcecode.c.h; path = SBJsonParser.h; sourceTree = "<group>"; };
		E4B747391830FEE100B427D4 /* SBJsonParser.m */ = {isa = PBXFileReference; fileEncoding = 4; lastKnownFileType = sourcecode.c.objc; path = SBJsonParser.m; sourceTree = "<group>"; };
		E4B7473A1830FEE100B427D4 /* SBJsonStreamParser.h */ = {isa = PBXFileReference; fileEncoding = 4; lastKnownFileType = sourcecode.c.h; path = SBJsonStreamParser.h; sourceTree = "<group>"; };
		E4B7473B1830FEE100B427D4 /* SBJsonStreamParser.m */ = {isa = PBXFileReference; fileEncoding = 4; lastKnownFileType = sourcecode.c.objc; path = SBJsonStreamParser.m; sourceTree = "<group>"; };
		E4B7473C1830FEE100B427D4 /* SBJsonStreamParserAccumulator.h */ = {isa = PBXFileReference; fileEncoding = 4; lastKnownFileType = sourcecode.c.h; path = SBJsonStreamParserAccumulator.h; sourceTree = "<group>"; };
		E4B7473D1830FEE100B427D4 /* SBJsonStreamParserAccumulator.m */ = {isa = PBXFileReference; fileEncoding = 4; lastKnownFileType = sourcecode.c.objc; path = SBJsonStreamParserAccumulator.m; sourceTree = "<group>"; };
		E4B7473E1830FEE100B427D4 /* SBJsonStreamParserAdapter.h */ = {isa = PBXFileReference; fileEncoding = 4; lastKnownFileType = sourcecode.c.h; path = SBJsonStreamParserAdapter.h; sourceTree = "<group>"; };
		E4B7473F1830FEE100B427D4 /* SBJsonStreamParserAdapter.m */ = {isa = PBXFileReference; fileEncoding = 4; lastKnownFileType = sourcecode.c.objc; path = SBJsonStreamParserAdapter.m; sourceTree = "<group>"; };
		E4B747401830FEE100B427D4 /* SBJsonStreamParserState.h */ = {isa = PBXFileReference; fileEncoding = 4; lastKnownFileType = sourcecode.c.h; path = SBJsonStreamParserState.h; sourceTree = "<group>"; };
		E4B747411830FEE100B427D4 /* SBJsonStreamParserState.m */ = {isa = PBXFileReference; fileEncoding = 4; lastKnownFileType = sourcecode.c.objc; path = SBJsonStreamParserState.m; sourceTree = "<group>"; };
		E4B747421830FEE100B427D4 /* SBJsonStreamWriter.h */ = {isa = PBXFileReference; fileEncoding = 4; lastKnownFileType = sourcecode.c.h; path = SBJsonStreamWriter.h; sourceTree = "<group>"; };
		E4B747431830FEE100B427D4 /* SBJsonStreamWriter.m */ = {isa = PBXFileReference; fileEncoding = 4; lastKnownFileType = sourcecode.c.objc; path = SBJsonStreamWriter.m; sourceTree = "<group>"; };
		E4B747441830FEE100B427D4 /* SBJsonStreamWriterAccumulator.h */ = {isa = PBXFileReference; fileEncoding = 4; lastKnownFileType = sourcecode.c.h; path = SBJsonStreamWriterAccumulator.h; sourceTree = "<group>"; };
		E4B747451830FEE100B427D4 /* SBJsonStreamWriterAccumulator.m */ = {isa = PBXFileReference; fileEncoding = 4; lastKnownFileType = sourcecode.c.objc; path = SBJsonStreamWriterAccumulator.m; sourceTree = "<group>"; };
		E4B747461830FEE100B427D4 /* SBJsonStreamWriterState.h */ = {isa = PBXFileReference; fileEncoding = 4; lastKnownFileType = sourcecode.c.h; path = SBJsonStreamWriterState.h; sourceTree = "<group>"; };
		E4B747471830FEE100B427D4 /* SBJsonStreamWriterState.m */ = {isa = PBXFileReference; fileEncoding = 4; lastKnownFileType = sourcecode.c.objc; path = SBJsonStreamWriterState.m; sourceTree = "<group>"; };
		E4B747481830FEE100B427D4 /* SBJsonTokeniser.h */ = {isa = PBXFileReference; fileEncoding = 4; lastKnownFileType = sourcecode.c.h; path = SBJsonTokeniser.h; sourceTree = "<group>"; };
		E4B747491830FEE100B427D4 /* SBJsonTokeniser.m */ = {isa = PBXFileReference; fileEncoding = 4; lastKnownFileType = sourcecode.c.objc; path = SBJsonTokeniser.m; sourceTree = "<group>"; };
		E4B7474A1830FEE100B427D4 /* SBJsonUTF8Stream.h */ = {isa = PBXFileReference; fileEncoding = 4; lastKnownFileType = sourcecode.c.h; path = SBJsonUTF8Stream.h; sourceTree = "<group>"; };
		E4B7474B1830FEE100B427D4 /* SBJsonUTF8Stream.m */ = {isa = PBXFileReference; fileEncoding = 4; lastKnownFileType = sourcecode.c.objc; path = SBJsonUTF8Stream.m; sourceTree = "<group>"; };
		E4B7474C1830FEE100B427D4 /* SBJsonWriter.h */ = {isa = PBXFileReference; fileEncoding = 4; lastKnownFileType = sourcecode.c.h; path = SBJsonWriter.h; sourceTree = "<group>"; };
		E4B7474D1830FEE100B427D4 /* SBJsonWriter.m */ = {isa = PBXFileReference; fileEncoding = 4; lastKnownFileType = sourcecode.c.objc; path = SBJsonWriter.m; sourceTree = "<group>"; };
		E4B7475A1831093000B427D4 /* data.json */ = {isa = PBXFileReference; lastKnownFileType = text.json; path = data.json; sourceTree = "<group>"; };
		E4B7475B18311F5A00B427D4 /* buy.png */ = {isa = PBXFileReference; lastKnownFileType = image.png; path = buy.png; sourceTree = "<group>"; };
		E4B7475D18312A3900B427D4 /* NSString+EncodingUTF8Additions.h */ = {isa = PBXFileReference; fileEncoding = 4; lastKnownFileType = sourcecode.c.h; path = "NSString+EncodingUTF8Additions.h"; sourceTree = "<group>"; };
		E4B7475E18312A3900B427D4 /* NSString+EncodingUTF8Additions.m */ = {isa = PBXFileReference; fileEncoding = 4; lastKnownFileType = sourcecode.c.objc; path = "NSString+EncodingUTF8Additions.m"; sourceTree = "<group>"; };
		E4DFB8111830B73B009F77CA /* fashion.png */ = {isa = PBXFileReference; lastKnownFileType = image.png; name = fashion.png; path = ../../../../../fashion.png; sourceTree = "<group>"; };
		E4DFB8121830B73B009F77CA /* play.png */ = {isa = PBXFileReference; lastKnownFileType = image.png; name = play.png; path = ../../../../../play.png; sourceTree = "<group>"; };
		E4E64BFB183225D800F5ACBD /* SystemConfiguration.framework */ = {isa = PBXFileReference; lastKnownFileType = wrapper.framework; name = SystemConfiguration.framework; path = System/Library/Frameworks/SystemConfiguration.framework; sourceTree = SDKROOT; };
		E4E64C011832303600F5ACBD /* CustomeCell.xib */ = {isa = PBXFileReference; fileEncoding = 4; lastKnownFileType = file.xib; path = CustomeCell.xib; sourceTree = "<group>"; };
		E4E64C031832323E00F5ACBD /* CustomeCell.h */ = {isa = PBXFileReference; fileEncoding = 4; lastKnownFileType = sourcecode.c.h; path = CustomeCell.h; sourceTree = "<group>"; };
		E4E64C041832323E00F5ACBD /* CustomeCell.m */ = {isa = PBXFileReference; fileEncoding = 4; lastKnownFileType = sourcecode.c.objc; path = CustomeCell.m; sourceTree = "<group>"; };
		E4E64C081832548000F5ACBD /* PlayViewController.h */ = {isa = PBXFileReference; fileEncoding = 4; lastKnownFileType = sourcecode.c.h; path = PlayViewController.h; sourceTree = "<group>"; };
		E4E64C091832548000F5ACBD /* PlayViewController.m */ = {isa = PBXFileReference; fileEncoding = 4; lastKnownFileType = sourcecode.c.objc; path = PlayViewController.m; sourceTree = "<group>"; };
		E4EBD38118373AE6009A0903 /* MapLocation.h */ = {isa = PBXFileReference; fileEncoding = 4; lastKnownFileType = sourcecode.c.h; path = MapLocation.h; sourceTree = "<group>"; };
		E4EBD38218373AE6009A0903 /* MapLocation.m */ = {isa = PBXFileReference; fileEncoding = 4; lastKnownFileType = sourcecode.c.objc; path = MapLocation.m; sourceTree = "<group>"; };
		E4EBD3D71837BB0B009A0903 /* UITableContract@2x.png */ = {isa = PBXFileReference; lastKnownFileType = image.png; path = "UITableContract@2x.png"; sourceTree = "<group>"; };
		E4EBD3D81837BB0B009A0903 /* UITableExpand@2x.png */ = {isa = PBXFileReference; lastKnownFileType = image.png; path = "UITableExpand@2x.png"; sourceTree = "<group>"; };
/* End PBXFileReference section */

/* Begin PBXFrameworksBuildPhase section */
		E407CA6B18308103007B266A /* Frameworks */ = {
			isa = PBXFrameworksBuildPhase;
			buildActionMask = 2147483647;
			files = (
				E42C9F1A1833E1FA009297ED /* MapKit.framework in Frameworks */,
				E4E64BFC183225D800F5ACBD /* SystemConfiguration.framework in Frameworks */,
				E407CA7418308103007B266A /* CoreGraphics.framework in Frameworks */,
				E407CA7618308103007B266A /* UIKit.framework in Frameworks */,
				E407CA7218308103007B266A /* Foundation.framework in Frameworks */,
			);
			runOnlyForDeploymentPostprocessing = 0;
		};
		E407CA8618308103007B266A /* Frameworks */ = {
			isa = PBXFrameworksBuildPhase;
			buildActionMask = 2147483647;
			files = (
				E407CA8B18308103007B266A /* XCTest.framework in Frameworks */,
				E407CA8D18308103007B266A /* UIKit.framework in Frameworks */,
				E407CA8C18308103007B266A /* Foundation.framework in Frameworks */,
			);
			runOnlyForDeploymentPostprocessing = 0;
		};
/* End PBXFrameworksBuildPhase section */

/* Begin PBXGroup section */
		E407CA6518308103007B266A = {
			isa = PBXGroup;
			children = (
				E4B7475A1831093000B427D4 /* data.json */,
				E407CA7718308103007B266A /* DZproject */,
				E407CA9018308103007B266A /* DZprojectTests */,
				E407CA7018308103007B266A /* Frameworks */,
				E407CA6F18308103007B266A /* Products */,
			);
			sourceTree = "<group>";
		};
		E407CA6F18308103007B266A /* Products */ = {
			isa = PBXGroup;
			children = (
				E407CA6E18308103007B266A /* DZproject.app */,
				E407CA8918308103007B266A /* DZprojectTests.xctest */,
			);
			name = Products;
			sourceTree = "<group>";
		};
		E407CA7018308103007B266A /* Frameworks */ = {
			isa = PBXGroup;
			children = (
				E42C9F191833E1FA009297ED /* MapKit.framework */,
				E4E64BFB183225D800F5ACBD /* SystemConfiguration.framework */,
				E407CA7118308103007B266A /* Foundation.framework */,
				E407CA7318308103007B266A /* CoreGraphics.framework */,
				E407CA7518308103007B266A /* UIKit.framework */,
				E407CA8A18308103007B266A /* XCTest.framework */,
			);
			name = Frameworks;
			sourceTree = "<group>";
		};
		E407CA7718308103007B266A /* DZproject */ = {
			isa = PBXGroup;
			children = (
				E4B747341830FED100B427D4 /* SBjson */,
				E4B7472C1830FE3600B427D4 /* dianpingSDK */,
				E407CAB21830822D007B266A /* FlatUI */,
				E407CAB118308214007B266A /* Reachability */,
				E407CAA7183081C9007B266A /* KxMenu */,
				E407CAA11830811A007B266A /* classes */,
				E407CAA01830810C007B266A /* imgages */,
				E407CA8318308103007B266A /* Images.xcassets */,
				E407CA7818308103007B266A /* Supporting Files */,
			);
			path = DZproject;
			sourceTree = "<group>";
		};
		E407CA7818308103007B266A /* Supporting Files */ = {
			isa = PBXGroup;
			children = (
				E407CA7918308103007B266A /* DZproject-Info.plist */,
				E407CA7A18308103007B266A /* InfoPlist.strings */,
				E407CA7D18308103007B266A /* main.m */,
				E407CA7F18308103007B266A /* DZproject-Prefix.pch */,
			);
			name = "Supporting Files";
			sourceTree = "<group>";
		};
		E407CA9018308103007B266A /* DZprojectTests */ = {
			isa = PBXGroup;
			children = (
				E407CA9618308103007B266A /* DZprojectTests.m */,
				E407CA9118308103007B266A /* Supporting Files */,
			);
			path = DZprojectTests;
			sourceTree = "<group>";
		};
		E407CA9118308103007B266A /* Supporting Files */ = {
			isa = PBXGroup;
			children = (
				E407CA9218308103007B266A /* DZprojectTests-Info.plist */,
				E407CA9318308103007B266A /* InfoPlist.strings */,
			);
			name = "Supporting Files";
			sourceTree = "<group>";
		};
		E407CAA01830810C007B266A /* imgages */ = {
			isa = PBXGroup;
			children = (
				E4EBD3D71837BB0B009A0903 /* UITableContract@2x.png */,
				E4EBD3D81837BB0B009A0903 /* UITableExpand@2x.png */,
				E4B7475B18311F5A00B427D4 /* buy.png */,
				E4B747271830C5A300B427D4 /* cell_album.png */,
				E4DFB8111830B73B009F77CA /* fashion.png */,
				E4DFB8121830B73B009F77CA /* play.png */,
				E407CAAB18308202007B266A /* more.png */,
				E407CAAC18308202007B266A /* eat.png */,
				E407CAAD18308202007B266A /* love.png */,
			);
			name = imgages;
			sourceTree = "<group>";
		};
		E407CAA11830811A007B266A /* classes */ = {
			isa = PBXGroup;
			children = (
				E4EBD38518373B30009A0903 /* customViews */,
				E4EBD38418373AF7009A0903 /* mapViews */,
				E407CA8018308103007B266A /* LGQAppDelegate.h */,
				E407CA8118308103007B266A /* LGQAppDelegate.m */,
				E407CAA218308138007B266A /* MainStoryboard.storyboard */,
				E407CAA418308161007B266A /* RootViewController.h */,
				E407CAA518308161007B266A /* RootViewController.m */,
				E407CADA183083D8007B266A /* DZViewController.h */,
				E407CADB183083D8007B266A /* DZViewController.m */,
				E4B747291830C5ED00B427D4 /* BuessViewController.h */,
				E4B7472A1830C5ED00B427D4 /* BuessViewController.m */,
				E4B7475D18312A3900B427D4 /* NSString+EncodingUTF8Additions.h */,
				E4B7475E18312A3900B427D4 /* NSString+EncodingUTF8Additions.m */,
				E4E64C081832548000F5ACBD /* PlayViewController.h */,
				E4E64C091832548000F5ACBD /* PlayViewController.m */,
				E4218FEE1833563E00374F21 /* MerchantsViewController.h */,
				E4218FEF1833563E00374F21 /* MerchantsViewController.m */,
				E42C9ED51833A5FD009297ED /* NotifitionNames.h */,
				E426EAE81834B3DA0022E39F /* MyViewController.h */,
				E426EAE91834B3DA0022E39F /* MyViewController.m */,
			);
			name = classes;
			sourceTree = "<group>";
		};
		E407CAA7183081C9007B266A /* KxMenu */ = {
			isa = PBXGroup;
			children = (
				E407CAA8183081EE007B266A /* KxMenu.h */,
				E407CAA9183081EE007B266A /* KxMenu.m */,
			);
			name = KxMenu;
			sourceTree = "<group>";
		};
		E407CAB118308214007B266A /* Reachability */ = {
			isa = PBXGroup;
			children = (
				E407CAB31830823D007B266A /* Reachability.h */,
				E407CAB41830823D007B266A /* Reachability.m */,
			);
			name = Reachability;
			sourceTree = "<group>";
		};
		E407CAB21830822D007B266A /* FlatUI */ = {
			isa = PBXGroup;
			children = (
				E407CAB61830824F007B266A /* PBBarButtonIconButton.h */,
				E407CAB71830824F007B266A /* PBBarButtonIconButton.m */,
				E407CAB81830824F007B266A /* PBFlatBarButtonItems.h */,
				E407CAB91830824F007B266A /* PBFlatBarButtonItems.m */,
				E407CABA1830824F007B266A /* PBFlatButton.h */,
				E407CABB1830824F007B266A /* PBFlatButton.m */,
				E407CABC1830824F007B266A /* PBFlatButtonWithIcon.h */,
				E407CABD1830824F007B266A /* PBFlatButtonWithIcon.m */,
				E407CABE1830824F007B266A /* PBFlatGroupedStyleCell.h */,
				E407CABF1830824F007B266A /* PBFlatGroupedStyleCell.m */,
				E407CAC01830824F007B266A /* PBFlatGroupedTableViewController.h */,
				E407CAC11830824F007B266A /* PBFlatGroupedTableViewController.m */,
				E407CAC21830824F007B266A /* PBFlatRoundedImageView.h */,
				E407CAC31830824F007B266A /* PBFlatRoundedImageView.m */,
				E407CAC41830824F007B266A /* PBFlatSegmentedControl.h */,
				E407CAC51830824F007B266A /* PBFlatSegmentedControl.m */,
				E407CAC61830824F007B266A /* PBFlatSettings.h */,
				E407CAC71830824F007B266A /* PBFlatSettings.m */,
				E407CAC81830824F007B266A /* PBFlatTextfield.h */,
				E407CAC91830824F007B266A /* PBFlatTextfield.m */,
				E407CACA1830824F007B266A /* PBIconDrawning.h */,
				E407CACB1830824F007B266A /* PBIconDrawning.m */,
				E407CACC1830824F007B266A /* UIImage+Additions.h */,
				E407CACD1830824F007B266A /* UIImage+Additions.m */,
			);
			name = FlatUI;
			sourceTree = "<group>";
		};
		E4B7472C1830FE3600B427D4 /* dianpingSDK */ = {
			isa = PBXGroup;
			children = (
				E4B7472D1830FE8100B427D4 /* DPAPI.h */,
				E4B7472E1830FE8100B427D4 /* DPAPI.m */,
				E4B7472F1830FE8100B427D4 /* DPRequest.h */,
				E4B747301830FE8100B427D4 /* DPRequest.m */,
				E4B747311830FE8100B427D4 /* DPConstants.h */,
			);
			name = dianpingSDK;
			sourceTree = "<group>";
		};
		E4B747341830FED100B427D4 /* SBjson */ = {
			isa = PBXGroup;
			children = (
				E4B747351830FEE100B427D4 /* NSObject+SBJson.h */,
				E4B747361830FEE100B427D4 /* NSObject+SBJson.m */,
				E4B747371830FEE100B427D4 /* SBJson.h */,
				E4B747381830FEE100B427D4 /* SBJsonParser.h */,
				E4B747391830FEE100B427D4 /* SBJsonParser.m */,
				E4B7473A1830FEE100B427D4 /* SBJsonStreamParser.h */,
				E4B7473B1830FEE100B427D4 /* SBJsonStreamParser.m */,
				E4B7473C1830FEE100B427D4 /* SBJsonStreamParserAccumulator.h */,
				E4B7473D1830FEE100B427D4 /* SBJsonStreamParserAccumulator.m */,
				E4B7473E1830FEE100B427D4 /* SBJsonStreamParserAdapter.h */,
				E4B7473F1830FEE100B427D4 /* SBJsonStreamParserAdapter.m */,
				E4B747401830FEE100B427D4 /* SBJsonStreamParserState.h */,
				E4B747411830FEE100B427D4 /* SBJsonStreamParserState.m */,
				E4B747421830FEE100B427D4 /* SBJsonStreamWriter.h */,
				E4B747431830FEE100B427D4 /* SBJsonStreamWriter.m */,
				E4B747441830FEE100B427D4 /* SBJsonStreamWriterAccumulator.h */,
				E4B747451830FEE100B427D4 /* SBJsonStreamWriterAccumulator.m */,
				E4B747461830FEE100B427D4 /* SBJsonStreamWriterState.h */,
				E4B747471830FEE100B427D4 /* SBJsonStreamWriterState.m */,
				E4B747481830FEE100B427D4 /* SBJsonTokeniser.h */,
				E4B747491830FEE100B427D4 /* SBJsonTokeniser.m */,
				E4B7474A1830FEE100B427D4 /* SBJsonUTF8Stream.h */,
				E4B7474B1830FEE100B427D4 /* SBJsonUTF8Stream.m */,
				E4B7474C1830FEE100B427D4 /* SBJsonWriter.h */,
				E4B7474D1830FEE100B427D4 /* SBJsonWriter.m */,
			);
			name = SBjson;
			sourceTree = "<group>";
		};
		E4EBD38418373AF7009A0903 /* mapViews */ = {
			isa = PBXGroup;
			children = (
				E426EB041834FBA50022E39F /* MapViewController.h */,
				E426EB051834FBA50022E39F /* MapViewController.m */,
				E4EBD38118373AE6009A0903 /* MapLocation.h */,
				E4EBD38218373AE6009A0903 /* MapLocation.m */,
			);
			name = mapViews;
			sourceTree = "<group>";
		};
		E4EBD38518373B30009A0903 /* customViews */ = {
			isa = PBXGroup;
			children = (
				E4E64C011832303600F5ACBD /* CustomeCell.xib */,
				E4E64C031832323E00F5ACBD /* CustomeCell.h */,
				E4E64C041832323E00F5ACBD /* CustomeCell.m */,
			);
			name = customViews;
			sourceTree = "<group>";
		};
/* End PBXGroup section */

/* Begin PBXNativeTarget section */
		E407CA6D18308103007B266A /* DZproject */ = {
			isa = PBXNativeTarget;
			buildConfigurationList = E407CA9A18308103007B266A /* Build configuration list for PBXNativeTarget "DZproject" */;
			buildPhases = (
				E407CA6A18308103007B266A /* Sources */,
				E407CA6B18308103007B266A /* Frameworks */,
				E407CA6C18308103007B266A /* Resources */,
			);
			buildRules = (
			);
			dependencies = (
			);
			name = DZproject;
			productName = DZproject;
			productReference = E407CA6E18308103007B266A /* DZproject.app */;
			productType = "com.apple.product-type.application";
		};
		E407CA8818308103007B266A /* DZprojectTests */ = {
			isa = PBXNativeTarget;
			buildConfigurationList = E407CA9D18308103007B266A /* Build configuration list for PBXNativeTarget "DZprojectTests" */;
			buildPhases = (
				E407CA8518308103007B266A /* Sources */,
				E407CA8618308103007B266A /* Frameworks */,
				E407CA8718308103007B266A /* Resources */,
			);
			buildRules = (
			);
			dependencies = (
				E407CA8F18308103007B266A /* PBXTargetDependency */,
			);
			name = DZprojectTests;
			productName = DZprojectTests;
			productReference = E407CA8918308103007B266A /* DZprojectTests.xctest */;
			productType = "com.apple.product-type.bundle.unit-test";
		};
/* End PBXNativeTarget section */

/* Begin PBXProject section */
		E407CA6618308103007B266A /* Project object */ = {
			isa = PBXProject;
			attributes = {
				CLASSPREFIX = LGQ;
				LastUpgradeCheck = 0500;
				ORGANIZATIONNAME = lianggq;
				TargetAttributes = {
					E407CA8818308103007B266A = {
						TestTargetID = E407CA6D18308103007B266A;
					};
				};
			};
			buildConfigurationList = E407CA6918308103007B266A /* Build configuration list for PBXProject "DZproject" */;
			compatibilityVersion = "Xcode 3.2";
			developmentRegion = English;
			hasScannedForEncodings = 0;
			knownRegions = (
				en,
			);
			mainGroup = E407CA6518308103007B266A;
			productRefGroup = E407CA6F18308103007B266A /* Products */;
			projectDirPath = "";
			projectRoot = "";
			targets = (
				E407CA6D18308103007B266A /* DZproject */,
				E407CA8818308103007B266A /* DZprojectTests */,
			);
		};
/* End PBXProject section */

/* Begin PBXResourcesBuildPhase section */
		E407CA6C18308103007B266A /* Resources */ = {
			isa = PBXResourcesBuildPhase;
			buildActionMask = 2147483647;
			files = (
				E4E64C021832303600F5ACBD /* CustomeCell.xib in Resources */,
				E407CAA318308138007B266A /* MainStoryboard.storyboard in Resources */,
				E4B747281830C5A300B427D4 /* cell_album.png in Resources */,
				E4EBD3D91837BB0B009A0903 /* UITableContract@2x.png in Resources */,
				E4DFB8141830B73B009F77CA /* play.png in Resources */,
				E4DFB8131830B73B009F77CA /* fashion.png in Resources */,
				E4B7475C18311F5A00B427D4 /* buy.png in Resources */,
				E407CA7C18308103007B266A /* InfoPlist.strings in Resources */,
				E4EBD3DA1837BB0B009A0903 /* UITableExpand@2x.png in Resources */,
				E407CAAF18308202007B266A /* eat.png in Resources */,
				E407CAAE18308202007B266A /* more.png in Resources */,
				E407CA8418308103007B266A /* Images.xcassets in Resources */,
				E407CAB018308202007B266A /* love.png in Resources */,
			);
			runOnlyForDeploymentPostprocessing = 0;
		};
		E407CA8718308103007B266A /* Resources */ = {
			isa = PBXResourcesBuildPhase;
			buildActionMask = 2147483647;
			files = (
				E407CA9518308103007B266A /* InfoPlist.strings in Resources */,
			);
			runOnlyForDeploymentPostprocessing = 0;
		};
/* End PBXResourcesBuildPhase section */

/* Begin PBXSourcesBuildPhase section */
		E407CA6A18308103007B266A /* Sources */ = {
			isa = PBXSourcesBuildPhase;
			buildActionMask = 2147483647;
			files = (
				E4B747321830FE8100B427D4 /* DPAPI.m in Sources */,
				E407CAD81830824F007B266A /* PBIconDrawning.m in Sources */,
				E407CAD31830824F007B266A /* PBFlatGroupedTableViewController.m in Sources */,
				E407CAD71830824F007B266A /* PBFlatTextfield.m in Sources */,
				E407CAD91830824F007B266A /* UIImage+Additions.m in Sources */,
				E407CADC183083D8007B266A /* DZViewController.m in Sources */,
				E407CACE1830824F007B266A /* PBBarButtonIconButton.m in Sources */,
				E407CACF1830824F007B266A /* PBFlatBarButtonItems.m in Sources */,
				E407CAD61830824F007B266A /* PBFlatSettings.m in Sources */,
				E4B747561830FEE100B427D4 /* SBJsonStreamWriterState.m in Sources */,
				E4B747521830FEE100B427D4 /* SBJsonStreamParserAdapter.m in Sources */,
				E407CA7E18308103007B266A /* main.m in Sources */,
				E4B747541830FEE100B427D4 /* SBJsonStreamWriter.m in Sources */,
				E4B747591830FEE100B427D4 /* SBJsonWriter.m in Sources */,
				E407CAD21830824F007B266A /* PBFlatGroupedStyleCell.m in Sources */,
				E407CA8218308103007B266A /* LGQAppDelegate.m in Sources */,
				E4E64C0A1832548000F5ACBD /* PlayViewController.m in Sources */,
				E4B7475F18312A3900B427D4 /* NSString+EncodingUTF8Additions.m in Sources */,
				E426EAEA1834B3DA0022E39F /* MyViewController.m in Sources */,
				E4B747581830FEE100B427D4 /* SBJsonUTF8Stream.m in Sources */,
				E4B747571830FEE100B427D4 /* SBJsonTokeniser.m in Sources */,
				E4B7474E1830FEE100B427D4 /* NSObject+SBJson.m in Sources */,
				E407CAD51830824F007B266A /* PBFlatSegmentedControl.m in Sources */,
				E4B747531830FEE100B427D4 /* SBJsonStreamParserState.m in Sources */,
				E4B7474F1830FEE100B427D4 /* SBJsonParser.m in Sources */,
				E4B747511830FEE100B427D4 /* SBJsonStreamParserAccumulator.m in Sources */,
				E4B747501830FEE100B427D4 /* SBJsonStreamParser.m in Sources */,
				E4E64C051832323E00F5ACBD /* CustomeCell.m in Sources */,
				E407CAA618308161007B266A /* RootViewController.m in Sources */,
				E4B7472B1830C5ED00B427D4 /* BuessViewController.m in Sources */,
				E4218FF01833563E00374F21 /* MerchantsViewController.m in Sources */,
				E4EBD38318373AE6009A0903 /* MapLocation.m in Sources */,
				E407CAD41830824F007B266A /* PBFlatRoundedImageView.m in Sources */,
				E407CAAA183081EE007B266A /* KxMenu.m in Sources */,
				E426EB061834FBA50022E39F /* MapViewController.m in Sources */,
				E407CAD11830824F007B266A /* PBFlatButtonWithIcon.m in Sources */,
				E407CAD01830824F007B266A /* PBFlatButton.m in Sources */,
				E4B747331830FE8100B427D4 /* DPRequest.m in Sources */,
				E4B747551830FEE100B427D4 /* SBJsonStreamWriterAccumulator.m in Sources */,
				E407CAB51830823D007B266A /* Reachability.m in Sources */,
			);
			runOnlyForDeploymentPostprocessing = 0;
		};
		E407CA8518308103007B266A /* Sources */ = {
			isa = PBXSourcesBuildPhase;
			buildActionMask = 2147483647;
			files = (
				E407CA9718308103007B266A /* DZprojectTests.m in Sources */,
			);
			runOnlyForDeploymentPostprocessing = 0;
		};
/* End PBXSourcesBuildPhase section */

/* Begin PBXTargetDependency section */
		E407CA8F18308103007B266A /* PBXTargetDependency */ = {
			isa = PBXTargetDependency;
			target = E407CA6D18308103007B266A /* DZproject */;
			targetProxy = E407CA8E18308103007B266A /* PBXContainerItemProxy */;
		};
/* End PBXTargetDependency section */

/* Begin PBXVariantGroup section */
		E407CA7A18308103007B266A /* InfoPlist.strings */ = {
			isa = PBXVariantGroup;
			children = (
				E407CA7B18308103007B266A /* en */,
			);
			name = InfoPlist.strings;
			sourceTree = "<group>";
		};
		E407CA9318308103007B266A /* InfoPlist.strings */ = {
			isa = PBXVariantGroup;
			children = (
				E407CA9418308103007B266A /* en */,
			);
			name = InfoPlist.strings;
			sourceTree = "<group>";
		};
/* End PBXVariantGroup section */

/* Begin XCBuildConfiguration section */
		E407CA9818308103007B266A /* Debug */ = {
			isa = XCBuildConfiguration;
			buildSettings = {
				ALWAYS_SEARCH_USER_PATHS = NO;
				ARCHS = "$(ARCHS_STANDARD_INCLUDING_64_BIT)";
				CLANG_CXX_LANGUAGE_STANDARD = "gnu++0x";
				CLANG_CXX_LIBRARY = "libc++";
				CLANG_ENABLE_MODULES = YES;
				CLANG_ENABLE_OBJC_ARC = YES;
				CLANG_WARN_BOOL_CONVERSION = YES;
				CLANG_WARN_CONSTANT_CONVERSION = YES;
				CLANG_WARN_DIRECT_OBJC_ISA_USAGE = YES_ERROR;
				CLANG_WARN_EMPTY_BODY = YES;
				CLANG_WARN_ENUM_CONVERSION = YES;
				CLANG_WARN_INT_CONVERSION = YES;
				CLANG_WARN_OBJC_ROOT_CLASS = YES_ERROR;
				CLANG_WARN__DUPLICATE_METHOD_MATCH = YES;
				"CODE_SIGN_IDENTITY[sdk=iphoneos*]" = "iPhone Developer";
				COPY_PHASE_STRIP = NO;
				GCC_C_LANGUAGE_STANDARD = gnu99;
				GCC_DYNAMIC_NO_PIC = NO;
				GCC_OPTIMIZATION_LEVEL = 0;
				GCC_PREPROCESSOR_DEFINITIONS = (
					"DEBUG=1",
					"$(inherited)",
				);
				GCC_SYMBOLS_PRIVATE_EXTERN = NO;
				GCC_WARN_64_TO_32_BIT_CONVERSION = YES;
				GCC_WARN_ABOUT_RETURN_TYPE = YES_ERROR;
				GCC_WARN_UNDECLARED_SELECTOR = YES;
				GCC_WARN_UNINITIALIZED_AUTOS = YES;
				GCC_WARN_UNUSED_FUNCTION = YES;
				GCC_WARN_UNUSED_VARIABLE = YES;
				IPHONEOS_DEPLOYMENT_TARGET = 7.0;
				ONLY_ACTIVE_ARCH = YES;
				SDKROOT = iphoneos;
			};
			name = Debug;
		};
		E407CA9918308103007B266A /* Release */ = {
			isa = XCBuildConfiguration;
			buildSettings = {
				ALWAYS_SEARCH_USER_PATHS = NO;
				ARCHS = "$(ARCHS_STANDARD_INCLUDING_64_BIT)";
				CLANG_CXX_LANGUAGE_STANDARD = "gnu++0x";
				CLANG_CXX_LIBRARY = "libc++";
				CLANG_ENABLE_MODULES = YES;
				CLANG_ENABLE_OBJC_ARC = YES;
				CLANG_WARN_BOOL_CONVERSION = YES;
				CLANG_WARN_CONSTANT_CONVERSION = YES;
				CLANG_WARN_DIRECT_OBJC_ISA_USAGE = YES_ERROR;
				CLANG_WARN_EMPTY_BODY = YES;
				CLANG_WARN_ENUM_CONVERSION = YES;
				CLANG_WARN_INT_CONVERSION = YES;
				CLANG_WARN_OBJC_ROOT_CLASS = YES_ERROR;
				CLANG_WARN__DUPLICATE_METHOD_MATCH = YES;
				"CODE_SIGN_IDENTITY[sdk=iphoneos*]" = "iPhone Developer";
				COPY_PHASE_STRIP = YES;
				ENABLE_NS_ASSERTIONS = NO;
				GCC_C_LANGUAGE_STANDARD = gnu99;
				GCC_WARN_64_TO_32_BIT_CONVERSION = YES;
				GCC_WARN_ABOUT_RETURN_TYPE = YES_ERROR;
				GCC_WARN_UNDECLARED_SELECTOR = YES;
				GCC_WARN_UNINITIALIZED_AUTOS = YES;
				GCC_WARN_UNUSED_FUNCTION = YES;
				GCC_WARN_UNUSED_VARIABLE = YES;
				IPHONEOS_DEPLOYMENT_TARGET = 7.0;
				SDKROOT = iphoneos;
				VALIDATE_PRODUCT = YES;
			};
			name = Release;
		};
		E407CA9B18308103007B266A /* Debug */ = {
			isa = XCBuildConfiguration;
			buildSettings = {
				ASSETCATALOG_COMPILER_APPICON_NAME = AppIcon;
				ASSETCATALOG_COMPILER_LAUNCHIMAGE_NAME = LaunchImage;
				GCC_PRECOMPILE_PREFIX_HEADER = YES;
				GCC_PREFIX_HEADER = "DZproject/DZproject-Prefix.pch";
				INFOPLIST_FILE = "DZproject/DZproject-Info.plist";
				LIBRARY_SEARCH_PATHS = (
					"$(inherited)",
					"$(SDKROOT)/usr/lib/system",
				);
				PRODUCT_NAME = "$(TARGET_NAME)";
				WRAPPER_EXTENSION = app;
			};
			name = Debug;
		};
		E407CA9C18308103007B266A /* Release */ = {
			isa = XCBuildConfiguration;
			buildSettings = {
				ASSETCATALOG_COMPILER_APPICON_NAME = AppIcon;
				ASSETCATALOG_COMPILER_LAUNCHIMAGE_NAME = LaunchImage;
				GCC_PRECOMPILE_PREFIX_HEADER = YES;
				GCC_PREFIX_HEADER = "DZproject/DZproject-Prefix.pch";
				INFOPLIST_FILE = "DZproject/DZproject-Info.plist";
				LIBRARY_SEARCH_PATHS = (
					"$(inherited)",
					"$(SDKROOT)/usr/lib/system",
				);
				PRODUCT_NAME = "$(TARGET_NAME)";
				WRAPPER_EXTENSION = app;
			};
			name = Release;
		};
		E407CA9E18308103007B266A /* Debug */ = {
			isa = XCBuildConfiguration;
			buildSettings = {
				ARCHS = "$(ARCHS_STANDARD_INCLUDING_64_BIT)";
				BUNDLE_LOADER = "$(BUILT_PRODUCTS_DIR)/DZproject.app/DZproject";
				FRAMEWORK_SEARCH_PATHS = (
					"$(SDKROOT)/Developer/Library/Frameworks",
					"$(inherited)",
					"$(DEVELOPER_FRAMEWORKS_DIR)",
				);
				GCC_PRECOMPILE_PREFIX_HEADER = YES;
				GCC_PREFIX_HEADER = "DZproject/DZproject-Prefix.pch";
				GCC_PREPROCESSOR_DEFINITIONS = (
					"DEBUG=1",
					"$(inherited)",
				);
				INFOPLIST_FILE = "DZprojectTests/DZprojectTests-Info.plist";
				PRODUCT_NAME = "$(TARGET_NAME)";
				TEST_HOST = "$(BUNDLE_LOADER)";
				WRAPPER_EXTENSION = xctest;
			};
			name = Debug;
		};
		E407CA9F18308103007B266A /* Release */ = {
			isa = XCBuildConfiguration;
			buildSettings = {
				ARCHS = "$(ARCHS_STANDARD_INCLUDING_64_BIT)";
				BUNDLE_LOADER = "$(BUILT_PRODUCTS_DIR)/DZproject.app/DZproject";
				FRAMEWORK_SEARCH_PATHS = (
					"$(SDKROOT)/Developer/Library/Frameworks",
					"$(inherited)",
					"$(DEVELOPER_FRAMEWORKS_DIR)",
				);
				GCC_PRECOMPILE_PREFIX_HEADER = YES;
				GCC_PREFIX_HEADER = "DZproject/DZproject-Prefix.pch";
				INFOPLIST_FILE = "DZprojectTests/DZprojectTests-Info.plist";
				PRODUCT_NAME = "$(TARGET_NAME)";
				TEST_HOST = "$(BUNDLE_LOADER)";
				WRAPPER_EXTENSION = xctest;
			};
			name = Release;
		};
/* End XCBuildConfiguration section */

/* Begin XCConfigurationList section */
		E407CA6918308103007B266A /* Build configuration list for PBXProject "DZproject" */ = {
			isa = XCConfigurationList;
			buildConfigurations = (
				E407CA9818308103007B266A /* Debug */,
				E407CA9918308103007B266A /* Release */,
			);
			defaultConfigurationIsVisible = 0;
			defaultConfigurationName = Release;
		};
		E407CA9A18308103007B266A /* Build configuration list for PBXNativeTarget "DZproject" */ = {
			isa = XCConfigurationList;
			buildConfigurations = (
				E407CA9B18308103007B266A /* Debug */,
				E407CA9C18308103007B266A /* Release */,
			);
			defaultConfigurationIsVisible = 0;
			defaultConfigurationName = Release;
		};
		E407CA9D18308103007B266A /* Build configuration list for PBXNativeTarget "DZprojectTests" */ = {
			isa = XCConfigurationList;
			buildConfigurations = (
				E407CA9E18308103007B266A /* Debug */,
				E407CA9F18308103007B266A /* Release */,
			);
			defaultConfigurationIsVisible = 0;
			defaultConfigurationName = Release;
		};
/* End XCConfigurationList section */
	};
	rootObject = E407CA6618308103007B266A /* Project object */;
}
