// !$*UTF8*$!
{
	archiveVersion = 1;
	classes = {
	};
	objectVersion = 46;
	objects = {

/* Begin PBXBuildFile section */
		E405F336183A01DC00FC801E /* CategoryTable.m in Sources */ = {isa = PBXBuildFile; fileRef = E405F335183A01DC00FC801E /* CategoryTable.m */; };
		E405F33A183A068200FC801E /* push.png in Resources */ = {isa = PBXBuildFile; fileRef = E405F339183A068200FC801E /* push.png */; };
		E405F33D183A395F00FC801E /* MyComboxHead.m in Sources */ = {isa = PBXBuildFile; fileRef = E405F33C183A395F00FC801E /* MyComboxHead.m */; };
		E407CA7218308103007B266A /* Foundation.framework in Frameworks */ = {isa = PBXBuildFile; fileRef = E407CA7118308103007B266A /* Foundation.framework */; };
		E407CA7418308103007B266A /* CoreGraphics.framework in Frameworks */ = {isa = PBXBuildFile; fileRef = E407CA7318308103007B266A /* CoreGraphics.framework */; };
		E407CA7618308103007B266A /* UIKit.framework in Frameworks */ = {isa = PBXBuildFile; fileRef = E407CA7518308103007B266A /* UIKit.framework */; };
		E407CA7C18308103007B266A /* InfoPlist.strings in Resources */ = {isa = PBXBuildFile; fileRef = E407CA7A18308103007B266A /* InfoPlist.strings */; };
		E407CA7E18308103007B266A /* main.m in Sources */ = {isa = PBXBuildFile; fileRef = E407CA7D18308103007B266A /* main.m */; };
		E407CA8218308103007B266A /* LGQAppDelegate.m in Sources */ = {isa = PBXBuildFile; fileRef = E407CA8118308103007B266A /* LGQAppDelegate.m */; };
		E407CA8418308103007B266A /* Images.xcassets in Resources */ = {isa = PBXBuildFile; fileRef = E407CA8318308103007B266A /* Images.xcassets */; };
		E407CA8B18308103007B266A /* XCTest.framework in Frameworks */ = {isa = PBXBuildFile; fileRef = E407CA8A18308103007B266A /* XCTest.framework */; };
		E407CA8C18308103007B266A /* Foundation.framework in Frameworks */ = {isa = PBXBuildFile; fileRef = E407CA7118308103007B266A /* Foundation.framework */; };
		E407CA8D18308103007B266A /* UIKit.framework in Frameworks */ = {isa = PBXBuildFile; fileRef = E407CA7518308103007B266A /* UIKit.framework */; };
		E407CA9518308103007B266A /* InfoPlist.strings in Resources */ = {isa = PBXBuildFile; fileRef = E407CA9318308103007B266A /* InfoPlist.strings */; };
		E407CA9718308103007B266A /* DZprojectTests.m in Sources */ = {isa = PBXBuildFile; fileRef = E407CA9618308103007B266A /* DZprojectTests.m */; };
		E407CAA318308138007B266A /* MainStoryboard.storyboard in Resources */ = {isa = PBXBuildFile; fileRef = E407CAA218308138007B266A /* MainStoryboard.storyboard */; };
		E407CAA618308161007B266A /* RootViewController.m in Sources */ = {isa = PBXBuildFile; fileRef = E407CAA518308161007B266A /* RootViewController.m */; };
		E407CAAA183081EE007B266A /* KxMenu.m in Sources */ = {isa = PBXBuildFile; fileRef = E407CAA9183081EE007B266A /* KxMenu.m */; };
		E407CAAF18308202007B266A /* eat.png in Resources */ = {isa = PBXBuildFile; fileRef = E407CAAC18308202007B266A /* eat.png */; };
		E407CAB018308202007B266A /* love.png in Resources */ = {isa = PBXBuildFile; fileRef = E407CAAD18308202007B266A /* love.png */; };
		E407CADC183083D8007B266A /* DZViewController.m in Sources */ = {isa = PBXBuildFile; fileRef = E407CADB183083D8007B266A /* DZViewController.m */; };
		E416DAFD183B58090038CD67 /* MyDPAPIData.m in Sources */ = {isa = PBXBuildFile; fileRef = E416DAFC183B58090038CD67 /* MyDPAPIData.m */; };
		E41A9B5C1837D789004B837A /* PBBarButtonIconButton.m in Sources */ = {isa = PBXBuildFile; fileRef = E41A9B451837D788004B837A /* PBBarButtonIconButton.m */; };
		E41A9B5D1837D789004B837A /* PBFlatBarButtonItems.m in Sources */ = {isa = PBXBuildFile; fileRef = E41A9B471837D789004B837A /* PBFlatBarButtonItems.m */; };
		E41A9B5E1837D789004B837A /* PBFlatButton.m in Sources */ = {isa = PBXBuildFile; fileRef = E41A9B491837D789004B837A /* PBFlatButton.m */; };
		E41A9B5F1837D789004B837A /* PBFlatButtonWithIcon.m in Sources */ = {isa = PBXBuildFile; fileRef = E41A9B4B1837D789004B837A /* PBFlatButtonWithIcon.m */; };
		E41A9B601837D789004B837A /* PBFlatGroupedStyleCell.m in Sources */ = {isa = PBXBuildFile; fileRef = E41A9B4D1837D789004B837A /* PBFlatGroupedStyleCell.m */; };
		E41A9B611837D789004B837A /* PBFlatGroupedTableViewController.m in Sources */ = {isa = PBXBuildFile; fileRef = E41A9B4F1837D789004B837A /* PBFlatGroupedTableViewController.m */; };
		E41A9B621837D789004B837A /* PBFlatRoundedImageView.m in Sources */ = {isa = PBXBuildFile; fileRef = E41A9B511837D789004B837A /* PBFlatRoundedImageView.m */; };
		E41A9B631837D789004B837A /* PBFlatSegmentedControl.m in Sources */ = {isa = PBXBuildFile; fileRef = E41A9B531837D789004B837A /* PBFlatSegmentedControl.m */; };
		E41A9B641837D789004B837A /* PBFlatSettings.m in Sources */ = {isa = PBXBuildFile; fileRef = E41A9B551837D789004B837A /* PBFlatSettings.m */; };
		E41A9B651837D789004B837A /* PBFlatTextfield.m in Sources */ = {isa = PBXBuildFile; fileRef = E41A9B571837D789004B837A /* PBFlatTextfield.m */; };
		E41A9B661837D789004B837A /* PBIconDrawning.m in Sources */ = {isa = PBXBuildFile; fileRef = E41A9B591837D789004B837A /* PBIconDrawning.m */; };
		E41A9B671837D789004B837A /* UIImage+Additions.m in Sources */ = {isa = PBXBuildFile; fileRef = E41A9B5B1837D789004B837A /* UIImage+Additions.m */; };
		E41A9B6D1837D8A8004B837A /* Reachability.m in Sources */ = {isa = PBXBuildFile; fileRef = E41A9B6C1837D8A8004B837A /* Reachability.m */; };
		E420C5A51837D374008781F1 /* play.png in Resources */ = {isa = PBXBuildFile; fileRef = E420C5A31837D374008781F1 /* play.png */; };
		E420C5A61837D374008781F1 /* fashion.png in Resources */ = {isa = PBXBuildFile; fileRef = E420C5A41837D374008781F1 /* fashion.png */; };
		E4218FF01833563E00374F21 /* MerchantsViewController.m in Sources */ = {isa = PBXBuildFile; fileRef = E4218FEF1833563E00374F21 /* MerchantsViewController.m */; };
		E426EAEA1834B3DA0022E39F /* MyViewController.m in Sources */ = {isa = PBXBuildFile; fileRef = E426EAE91834B3DA0022E39F /* MyViewController.m */; };
		E426EB061834FBA50022E39F /* MapViewController.m in Sources */ = {isa = PBXBuildFile; fileRef = E426EB051834FBA50022E39F /* MapViewController.m */; };
		E42C9F1A1833E1FA009297ED /* MapKit.framework in Frameworks */ = {isa = PBXBuildFile; fileRef = E42C9F191833E1FA009297ED /* MapKit.framework */; };
		E448C3D31838EA4E006842C7 /* MyComboxView.m in Sources */ = {isa = PBXBuildFile; fileRef = E448C3D21838EA4E006842C7 /* MyComboxView.m */; };
		E448C3DA1838ED43006842C7 /* comSamlldown.png in Resources */ = {isa = PBXBuildFile; fileRef = E448C3D81838ED43006842C7 /* comSamlldown.png */; };
		E448C3DB1838ED43006842C7 /* comSamllup.png in Resources */ = {isa = PBXBuildFile; fileRef = E448C3D91838ED43006842C7 /* comSamllup.png */; };
		E4A4A81C1837D11200D85CCE /* more.png in Resources */ = {isa = PBXBuildFile; fileRef = E4A4A81B1837D11200D85CCE /* more.png */; };
		E4B747281830C5A300B427D4 /* cell_album.png in Resources */ = {isa = PBXBuildFile; fileRef = E4B747271830C5A300B427D4 /* cell_album.png */; };
		E4B7472B1830C5ED00B427D4 /* BuessViewController.m in Sources */ = {isa = PBXBuildFile; fileRef = E4B7472A1830C5ED00B427D4 /* BuessViewController.m */; };
		E4B747321830FE8100B427D4 /* DPAPI.m in Sources */ = {isa = PBXBuildFile; fileRef = E4B7472E1830FE8100B427D4 /* DPAPI.m */; };
		E4B747331830FE8100B427D4 /* DPRequest.m in Sources */ = {isa = PBXBuildFile; fileRef = E4B747301830FE8100B427D4 /* DPRequest.m */; };
		E4B7474E1830FEE100B427D4 /* NSObject+SBJson.m in Sources */ = {isa = PBXBuildFile; fileRef = E4B747361830FEE100B427D4 /* NSObject+SBJson.m */; };
		E4B7474F1830FEE100B427D4 /* SBJsonParser.m in Sources */ = {isa = PBXBuildFile; fileRef = E4B747391830FEE100B427D4 /* SBJsonParser.m */; };
		E4B747501830FEE100B427D4 /* SBJsonStreamParser.m in Sources */ = {isa = PBXBuildFile; fileRef = E4B7473B1830FEE100B427D4 /* SBJsonStreamParser.m */; };
		E4B747511830FEE100B427D4 /* SBJsonStreamParserAccumulator.m in Sources */ = {isa = PBXBuildFile; fileRef = E4B7473D1830FEE100B427D4 /* SBJsonStreamParserAccumulator.m */; };
		E4B747521830FEE100B427D4 /* SBJsonStreamParserAdapter.m in Sources */ = {isa = PBXBuildFile; fileRef = E4B7473F1830FEE100B427D4 /* SBJsonStreamParserAdapter.m */; };
		E4B747531830FEE100B427D4 /* SBJsonStreamParserState.m in Sources */ = {isa = PBXBuildFile; fileRef = E4B747411830FEE100B427D4 /* SBJsonStreamParserState.m */; };
		E4B747541830FEE100B427D4 /* SBJsonStreamWriter.m in Sources */ = {isa = PBXBuildFile; fileRef = E4B747431830FEE100B427D4 /* SBJsonStreamWriter.m */; };
		E4B747551830FEE100B427D4 /* SBJsonStreamWriterAccumulator.m in Sources */ = {isa = PBXBuildFile; fileRef = E4B747451830FEE100B427D4 /* SBJsonStreamWriterAccumulator.m */; };
		E4B747561830FEE100B427D4 /* SBJsonStreamWriterState.m in Sources */ = {isa = PBXBuildFile; fileRef = E4B747471830FEE100B427D4 /* SBJsonStreamWriterState.m */; };
		E4B747571830FEE100B427D4 /* SBJsonTokeniser.m in Sources */ = {isa = PBXBuildFile; fileRef = E4B747491830FEE100B427D4 /* SBJsonTokeniser.m */; };
		E4B747581830FEE100B427D4 /* SBJsonUTF8Stream.m in Sources */ = {isa = PBXBuildFile; fileRef = E4B7474B1830FEE100B427D4 /* SBJsonUTF8Stream.m */; };
		E4B747591830FEE100B427D4 /* SBJsonWriter.m in Sources */ = {isa = PBXBuildFile; fileRef = E4B7474D1830FEE100B427D4 /* SBJsonWriter.m */; };
		E4B7475C18311F5A00B427D4 /* buy.png in Resources */ = {isa = PBXBuildFile; fileRef = E4B7475B18311F5A00B427D4 /* buy.png */; };
		E4B7475F18312A3900B427D4 /* NSString+EncodingUTF8Additions.m in Sources */ = {isa = PBXBuildFile; fileRef = E4B7475E18312A3900B427D4 /* NSString+EncodingUTF8Additions.m */; };
		E4E64BFC183225D800F5ACBD /* SystemConfiguration.framework in Frameworks */ = {isa = PBXBuildFile; fileRef = E4E64BFB183225D800F5ACBD /* SystemConfiguration.framework */; };
		E4E64C021832303600F5ACBD /* CustomeCell.xib in Resources */ = {isa = PBXBuildFile; fileRef = E4E64C011832303600F5ACBD /* CustomeCell.xib */; };
		E4E64C051832323E00F5ACBD /* CustomeCell.m in Sources */ = {isa = PBXBuildFile; fileRef = E4E64C041832323E00F5ACBD /* CustomeCell.m */; };
		E4E64C0A1832548000F5ACBD /* PlayViewController.m in Sources */ = {isa = PBXBuildFile; fileRef = E4E64C091832548000F5ACBD /* PlayViewController.m */; };
		E4EBD38318373AE6009A0903 /* MapLocation.m in Sources */ = {isa = PBXBuildFile; fileRef = E4EBD38218373AE6009A0903 /* MapLocation.m */; };
		E4EBD3D91837BB0B009A0903 /* UITableContract@2x.png in Resources */ = {isa = PBXBuildFile; fileRef = E4EBD3D71837BB0B009A0903 /* UITableContract@2x.png */; };
		E4EBD3DA1837BB0B009A0903 /* UITableExpand@2x.png in Resources */ = {isa = PBXBuildFile; fileRef = E4EBD3D81837BB0B009A0903 /* UITableExpand@2x.png */; };
		E4FD0E24183E3141001E8388 /* NAMenuItem.m in Sources */ = {isa = PBXBuildFile; fileRef = E4FD0E1E183E3141001E8388 /* NAMenuItem.m */; };
		E4FD0E25183E3141001E8388 /* NAMenuItemView.m in Sources */ = {isa = PBXBuildFile; fileRef = E4FD0E20183E3141001E8388 /* NAMenuItemView.m */; };
		E4FD0E26183E3141001E8388 /* NAMenuItemView.xib in Resources */ = {isa = PBXBuildFile; fileRef = E4FD0E21183E3141001E8388 /* NAMenuItemView.xib */; };
		E4FD0E27183E3141001E8388 /* NAMenuView.m in Sources */ = {isa = PBXBuildFile; fileRef = E4FD0E23183E3141001E8388 /* NAMenuView.m */; };
		E4FD0E2B183E3220001E8388 /* CityViewController.m in Sources */ = {isa = PBXBuildFile; fileRef = E4FD0E2A183E3220001E8388 /* CityViewController.m */; };
		E4FD0E2D183E46A7001E8388 /* back.png in Resources */ = {isa = PBXBuildFile; fileRef = E4FD0E2C183E46A7001E8388 /* back.png */; };
		E4FD0E31183E5B66001E8388 /* blueback.png in Resources */ = {isa = PBXBuildFile; fileRef = E4FD0E30183E5B66001E8388 /* blueback.png */; };
		E4FD0E33183E5B9C001E8388 /* greenback.png in Resources */ = {isa = PBXBuildFile; fileRef = E4FD0E32183E5B9C001E8388 /* greenback.png */; };
/* End PBXBuildFile section */

/* Begin PBXContainerItemProxy section */
		E407CA8E18308103007B266A /* PBXContainerItemProxy */ = {
			isa = PBXContainerItemProxy;
			containerPortal = E407CA6618308103007B266A /* Project object */;
			proxyType = 1;
			remoteGlobalIDString = E407CA6D18308103007B266A;
			remoteInfo = DZproject;
		};
/* End PBXContainerItemProxy section */

/* Begin PBXFileReference section */
		E405F334183A01DC00FC801E /* CategoryTable.h */ = {isa = PBXFileReference; fileEncoding = 4; lastKnownFileType = sourcecode.c.h; path = CategoryTable.h; sourceTree = "<group>"; };
		E405F335183A01DC00FC801E /* CategoryTable.m */ = {isa = PBXFileReference; fileEncoding = 4; lastKnownFileType = sourcecode.c.objc; path = CategoryTable.m; sourceTree = "<group>"; };
		E405F339183A068200FC801E /* push.png */ = {isa = PBXFileReference; lastKnownFileType = image.png; path = push.png; sourceTree = "<group>"; };
		E405F33B183A395F00FC801E /* MyComboxHead.h */ = {isa = PBXFileReference; fileEncoding = 4; lastKnownFileType = sourcecode.c.h; path = MyComboxHead.h; sourceTree = "<group>"; };
		E405F33C183A395F00FC801E /* MyComboxHead.m */ = {isa = PBXFileReference; fileEncoding = 4; lastKnownFileType = sourcecode.c.objc; path = MyComboxHead.m; sourceTree = "<group>"; };
		E407CA6E18308103007B266A /* DZproject.app */ = {isa = PBXFileReference; explicitFileType = wrapper.application; includeInIndex = 0; path = DZproject.app; sourceTree = BUILT_PRODUCTS_DIR; };
		E407CA7118308103007B266A /* Foundation.framework */ = {isa = PBXFileReference; lastKnownFileType = wrapper.framework; name = Foundation.framework; path = System/Library/Frameworks/Foundation.framework; sourceTree = SDKROOT; };
		E407CA7318308103007B266A /* CoreGraphics.framework */ = {isa = PBXFileReference; lastKnownFileType = wrapper.framework; name = CoreGraphics.framework; path = System/Library/Frameworks/CoreGraphics.framework; sourceTree = SDKROOT; };
		E407CA7518308103007B266A /* UIKit.framework */ = {isa = PBXFileReference; lastKnownFileType = wrapper.framework; name = UIKit.framework; path = System/Library/Frameworks/UIKit.framework; sourceTree = SDKROOT; };
		E407CA7918308103007B266A /* DZproject-Info.plist */ = {isa = PBXFileReference; lastKnownFileType = text.plist.xml; path = "DZproject-Info.plist"; sourceTree = "<group>"; };
		E407CA7B18308103007B266A /* en */ = {isa = PBXFileReference; lastKnownFileType = text.plist.strings; name = en; path = en.lproj/InfoPlist.strings; sourceTree = "<group>"; };
		E407CA7D18308103007B266A /* main.m */ = {isa = PBXFileReference; lastKnownFileType = sourcecode.c.objc; path = main.m; sourceTree = "<group>"; };
		E407CA7F18308103007B266A /* DZproject-Prefix.pch */ = {isa = PBXFileReference; lastKnownFileType = sourcecode.c.h; path = "DZproject-Prefix.pch"; sourceTree = "<group>"; };
		E407CA8018308103007B266A /* LGQAppDelegate.h */ = {isa = PBXFileReference; lastKnownFileType = sourcecode.c.h; path = LGQAppDelegate.h; sourceTree = "<group>"; };
		E407CA8118308103007B266A /* LGQAppDelegate.m */ = {isa = PBXFileReference; lastKnownFileType = sourcecode.c.objc; path = LGQAppDelegate.m; sourceTree = "<group>"; };
		E407CA8318308103007B266A /* Images.xcassets */ = {isa = PBXFileReference; lastKnownFileType = folder.assetcatalog; path = Images.xcassets; sourceTree = "<group>"; };
		E407CA8918308103007B266A /* DZprojectTests.xctest */ = {isa = PBXFileReference; explicitFileType = wrapper.cfbundle; includeInIndex = 0; path = DZprojectTests.xctest; sourceTree = BUILT_PRODUCTS_DIR; };
		E407CA8A18308103007B266A /* XCTest.framework */ = {isa = PBXFileReference; lastKnownFileType = wrapper.framework; name = XCTest.framework; path = Library/Frameworks/XCTest.framework; sourceTree = DEVELOPER_DIR; };
		E407CA9218308103007B266A /* DZprojectTests-Info.plist */ = {isa = PBXFileReference; lastKnownFileType = text.plist.xml; path = "DZprojectTests-Info.plist"; sourceTree = "<group>"; };
		E407CA9418308103007B266A /* en */ = {isa = PBXFileReference; lastKnownFileType = text.plist.strings; name = en; path = en.lproj/InfoPlist.strings; sourceTree = "<group>"; };
		E407CA9618308103007B266A /* DZprojectTests.m */ = {isa = PBXFileReference; lastKnownFileType = sourcecode.c.objc; path = DZprojectTests.m; sourceTree = "<group>"; };
		E407CAA218308138007B266A /* MainStoryboard.storyboard */ = {isa = PBXFileReference; fileEncoding = 4; lastKnownFileType = file.storyboard; path = MainStoryboard.storyboard; sourceTree = "<group>"; };
		E407CAA418308161007B266A /* RootViewController.h */ = {isa = PBXFileReference; fileEncoding = 4; lastKnownFileType = sourcecode.c.h; path = RootViewController.h; sourceTree = "<group>"; };
		E407CAA518308161007B266A /* RootViewController.m */ = {isa = PBXFileReference; fileEncoding = 4; lastKnownFileType = sourcecode.c.objc; path = RootViewController.m; sourceTree = "<group>"; };
		E407CAA8183081EE007B266A /* KxMenu.h */ = {isa = PBXFileReference; fileEncoding = 4; lastKnownFileType = sourcecode.c.h; path = KxMenu.h; sourceTree = "<group>"; };
		E407CAA9183081EE007B266A /* KxMenu.m */ = {isa = PBXFileReference; fileEncoding = 4; lastKnownFileType = sourcecode.c.objc; path = KxMenu.m; sourceTree = "<group>"; };
		E407CAAC18308202007B266A /* eat.png */ = {isa = PBXFileReference; lastKnownFileType = image.png; path = eat.png; sourceTree = "<group>"; };
		E407CAAD18308202007B266A /* love.png */ = {isa = PBXFileReference; lastKnownFileType = image.png; path = love.png; sourceTree = "<group>"; };
		E407CADA183083D8007B266A /* DZViewController.h */ = {isa = PBXFileReference; fileEncoding = 4; lastKnownFileType = sourcecode.c.h; path = DZViewController.h; sourceTree = "<group>"; };
		E407CADB183083D8007B266A /* DZViewController.m */ = {isa = PBXFileReference; fileEncoding = 4; lastKnownFileType = sourcecode.c.objc; path = DZViewController.m; sourceTree = "<group>"; };
		E416DAFB183B58090038CD67 /* MyDPAPIData.h */ = {isa = PBXFileReference; fileEncoding = 4; lastKnownFileType = sourcecode.c.h; path = MyDPAPIData.h; sourceTree = "<group>"; };
		E416DAFC183B58090038CD67 /* MyDPAPIData.m */ = {isa = PBXFileReference; fileEncoding = 4; lastKnownFileType = sourcecode.c.objc; path = MyDPAPIData.m; sourceTree = "<group>"; };
		E41A9B441837D788004B837A /* PBBarButtonIconButton.h */ = {isa = PBXFileReference; fileEncoding = 4; lastKnownFileType = sourcecode.c.h; path = PBBarButtonIconButton.h; sourceTree = "<group>"; };
		E41A9B451837D788004B837A /* PBBarButtonIconButton.m */ = {isa = PBXFileReference; fileEncoding = 4; lastKnownFileType = sourcecode.c.objc; path = PBBarButtonIconButton.m; sourceTree = "<group>"; };
		E41A9B461837D789004B837A /* PBFlatBarButtonItems.h */ = {isa = PBXFileReference; fileEncoding = 4; lastKnownFileType = sourcecode.c.h; path = PBFlatBarButtonItems.h; sourceTree = "<group>"; };
		E41A9B471837D789004B837A /* PBFlatBarButtonItems.m */ = {isa = PBXFileReference; fileEncoding = 4; lastKnownFileType = sourcecode.c.objc; path = PBFlatBarButtonItems.m; sourceTree = "<group>"; };
		E41A9B481837D789004B837A /* PBFlatButton.h */ = {isa = PBXFileReference; fileEncoding = 4; lastKnownFileType = sourcecode.c.h; path = PBFlatButton.h; sourceTree = "<group>"; };
		E41A9B491837D789004B837A /* PBFlatButton.m */ = {isa = PBXFileReference; fileEncoding = 4; lastKnownFileType = sourcecode.c.objc; path = PBFlatButton.m; sourceTree = "<group>"; };
		E41A9B4A1837D789004B837A /* PBFlatButtonWithIcon.h */ = {isa = PBXFileReference; fileEncoding = 4; lastKnownFileType = sourcecode.c.h; path = PBFlatButtonWithIcon.h; sourceTree = "<group>"; };
		E41A9B4B1837D789004B837A /* PBFlatButtonWithIcon.m */ = {isa = PBXFileReference; fileEncoding = 4; lastKnownFileType = sourcecode.c.objc; path = PBFlatButtonWithIcon.m; sourceTree = "<group>"; };
		E41A9B4C1837D789004B837A /* PBFlatGroupedStyleCell.h */ = {isa = PBXFileReference; fileEncoding = 4; lastKnownFileType = sourcecode.c.h; path = PBFlatGroupedStyleCell.h; sourceTree = "<group>"; };
		E41A9B4D1837D789004B837A /* PBFlatGroupedStyleCell.m */ = {isa = PBXFileReference; fileEncoding = 4; lastKnownFileType = sourcecode.c.objc; path = PBFlatGroupedStyleCell.m; sourceTree = "<group>"; };
		E41A9B4E1837D789004B837A /* PBFlatGroupedTableViewController.h */ = {isa = PBXFileReference; fileEncoding = 4; lastKnownFileType = sourcecode.c.h; path = PBFlatGroupedTableViewController.h; sourceTree = "<group>"; };
		E41A9B4F1837D789004B837A /* PBFlatGroupedTableViewController.m */ = {isa = PBXFileReference; fileEncoding = 4; lastKnownFileType = sourcecode.c.objc; path = PBFlatGroupedTableViewController.m; sourceTree = "<group>"; };
		E41A9B501837D789004B837A /* PBFlatRoundedImageView.h */ = {isa = PBXFileReference; fileEncoding = 4; lastKnownFileType = sourcecode.c.h; path = PBFlatRoundedImageView.h; sourceTree = "<group>"; };
		E41A9B511837D789004B837A /* PBFlatRoundedImageView.m */ = {isa = PBXFileReference; fileEncoding = 4; lastKnownFileType = sourcecode.c.objc; path = PBFlatRoundedImageView.m; sourceTree = "<group>"; };
		E41A9B521837D789004B837A /* PBFlatSegmentedControl.h */ = {isa = PBXFileReference; fileEncoding = 4; lastKnownFileType = sourcecode.c.h; path = PBFlatSegmentedControl.h; sourceTree = "<group>"; };
		E41A9B531837D789004B837A /* PBFlatSegmentedControl.m */ = {isa = PBXFileReference; fileEncoding = 4; lastKnownFileType = sourcecode.c.objc; path = PBFlatSegmentedControl.m; sourceTree = "<group>"; };
		E41A9B541837D789004B837A /* PBFlatSettings.h */ = {isa = PBXFileReference; fileEncoding = 4; lastKnownFileType = sourcecode.c.h; path = PBFlatSettings.h; sourceTree = "<group>"; };
		E41A9B551837D789004B837A /* PBFlatSettings.m */ = {isa = PBXFileReference; fileEncoding = 4; lastKnownFileType = sourcecode.c.objc; path = PBFlatSettings.m; sourceTree = "<group>"; };
		E41A9B561837D789004B837A /* PBFlatTextfield.h */ = {isa = PBXFileReference; fileEncoding = 4; lastKnownFileType = sourcecode.c.h; path = PBFlatTextfield.h; sourceTree = "<group>"; };
		E41A9B571837D789004B837A /* PBFlatTextfield.m */ = {isa = PBXFileReference; fileEncoding = 4; lastKnownFileType = sourcecode.c.objc; path = PBFlatTextfield.m; sourceTree = "<group>"; };
		E41A9B581837D789004B837A /* PBIconDrawning.h */ = {isa = PBXFileReference; fileEncoding = 4; lastKnownFileType = sourcecode.c.h; path = PBIconDrawning.h; sourceTree = "<group>"; };
		E41A9B591837D789004B837A /* PBIconDrawning.m */ = {isa = PBXFileReference; fileEncoding = 4; lastKnownFileType = sourcecode.c.objc; path = PBIconDrawning.m; sourceTree = "<group>"; };
		E41A9B5A1837D789004B837A /* UIImage+Additions.h */ = {isa = PBXFileReference; fileEncoding = 4; lastKnownFileType = sourcecode.c.h; path = "UIImage+Additions.h"; sourceTree = "<group>"; };
		E41A9B5B1837D789004B837A /* UIImage+Additions.m */ = {isa = PBXFileReference; fileEncoding = 4; lastKnownFileType = sourcecode.c.objc; path = "UIImage+Additions.m"; sourceTree = "<group>"; };
		E41A9B6B1837D8A8004B837A /* Reachability.h */ = {isa = PBXFileReference; fileEncoding = 4; lastKnownFileType = sourcecode.c.h; path = Reachability.h; sourceTree = "<group>"; };
		E41A9B6C1837D8A8004B837A /* Reachability.m */ = {isa = PBXFileReference; fileEncoding = 4; lastKnownFileType = sourcecode.c.objc; path = Reachability.m; sourceTree = "<group>"; };
		E420C5A31837D374008781F1 /* play.png */ = {isa = PBXFileReference; lastKnownFileType = image.png; path = play.png; sourceTree = "<group>"; };
		E420C5A41837D374008781F1 /* fashion.png */ = {isa = PBXFileReference; lastKnownFileType = image.png; path = fashion.png; sourceTree = "<group>"; };
		E4218FEE1833563E00374F21 /* MerchantsViewController.h */ = {isa = PBXFileReference; fileEncoding = 4; lastKnownFileType = sourcecode.c.h; path = MerchantsViewController.h; sourceTree = "<group>"; };
		E4218FEF1833563E00374F21 /* MerchantsViewController.m */ = {isa = PBXFileReference; fileEncoding = 4; lastKnownFileType = sourcecode.c.objc; path = MerchantsViewController.m; sourceTree = "<group>"; };
		E426EAE81834B3DA0022E39F /* MyViewController.h */ = {isa = PBXFileReference; fileEncoding = 4; lastKnownFileType = sourcecode.c.h; path = MyViewController.h; sourceTree = "<group>"; };
		E426EAE91834B3DA0022E39F /* MyViewController.m */ = {isa = PBXFileReference; fileEncoding = 4; lastKnownFileType = sourcecode.c.objc; path = MyViewController.m; sourceTree = "<group>"; };
		E426EB041834FBA50022E39F /* MapViewController.h */ = {isa = PBXFileReference; fileEncoding = 4; lastKnownFileType = sourcecode.c.h; path = MapViewController.h; sourceTree = "<group>"; };
		E426EB051834FBA50022E39F /* MapViewController.m */ = {isa = PBXFileReference; fileEncoding = 4; lastKnownFileType = sourcecode.c.objc; path = MapViewController.m; sourceTree = "<group>"; };
		E42C9ED51833A5FD009297ED /* NotifitionNames.h */ = {isa = PBXFileReference; lastKnownFileType = sourcecode.c.h; path = NotifitionNames.h; sourceTree = "<group>"; };
		E42C9F191833E1FA009297ED /* MapKit.framework */ = {isa = PBXFileReference; lastKnownFileType = wrapper.framework; name = MapKit.framework; path = System/Library/Frameworks/MapKit.framework; sourceTree = SDKROOT; };
		E448C3D11838EA4E006842C7 /* MyComboxView.h */ = {isa = PBXFileReference; fileEncoding = 4; lastKnownFileType = sourcecode.c.h; path = MyComboxView.h; sourceTree = "<group>"; };
		E448C3D21838EA4E006842C7 /* MyComboxView.m */ = {isa = PBXFileReference; fileEncoding = 4; lastKnownFileType = sourcecode.c.objc; path = MyComboxView.m; sourceTree = "<group>"; };
		E448C3D81838ED43006842C7 /* comSamlldown.png */ = {isa = PBXFileReference; lastKnownFileType = image.png; path = comSamlldown.png; sourceTree = "<group>"; };
		E448C3D91838ED43006842C7 /* comSamllup.png */ = {isa = PBXFileReference; lastKnownFileType = image.png; path = comSamllup.png; sourceTree = "<group>"; };
		E4A4A81B1837D11200D85CCE /* more.png */ = {isa = PBXFileReference; lastKnownFileType = image.png; path = more.png; sourceTree = "<group>"; };
		E4B747271830C5A300B427D4 /* cell_album.png */ = {isa = PBXFileReference; lastKnownFileType = image.png; path = cell_album.png; sourceTree = "<group>"; };
		E4B747291830C5ED00B427D4 /* BuessViewController.h */ = {isa = PBXFileReference; fileEncoding = 4; lastKnownFileType = sourcecode.c.h; path = BuessViewController.h; sourceTree = "<group>"; };
		E4B7472A1830C5ED00B427D4 /* BuessViewController.m */ = {isa = PBXFileReference; fileEncoding = 4; lastKnownFileType = sourcecode.c.objc; path = BuessViewController.m; sourceTree = "<group>"; };
		E4B7472D1830FE8100B427D4 /* DPAPI.h */ = {isa = PBXFileReference; fileEncoding = 4; lastKnownFileType = sourcecode.c.h; path = DPAPI.h; sourceTree = "<group>"; };
		E4B7472E1830FE8100B427D4 /* DPAPI.m */ = {isa = PBXFileReference; fileEncoding = 4; lastKnownFileType = sourcecode.c.objc; path = DPAPI.m; sourceTree = "<group>"; };
		E4B7472F1830FE8100B427D4 /* DPRequest.h */ = {isa = PBXFileReference; fileEncoding = 4; lastKnownFileType = sourcecode.c.h; path = DPRequest.h; sourceTree = "<group>"; };
		E4B747301830FE8100B427D4 /* DPRequest.m */ = {isa = PBXFileReference; fileEncoding = 4; lastKnownFileType = sourcecode.c.objc; path = DPRequest.m; sourceTree = "<group>"; };
		E4B747311830FE8100B427D4 /* DPConstants.h */ = {isa = PBXFileReference; fileEncoding = 4; lastKnownFileType = sourcecode.c.h; path = DPConstants.h; sourceTree = "<group>"; };
		E4B747351830FEE100B427D4 /* NSObject+SBJson.h */ = {isa = PBXFileReference; fileEncoding = 4; lastKnownFileType = sourcecode.c.h; path = "NSObject+SBJson.h"; sourceTree = "<group>"; };
		E4B747361830FEE100B427D4 /* NSObject+SBJson.m */ = {isa = PBXFileReference; fileEncoding = 4; lastKnownFileType = sourcecode.c.objc; path = "NSObject+SBJson.m"; sourceTree = "<group>"; };
		E4B747371830FEE100B427D4 /* SBJson.h */ = {isa = PBXFileReference; fileEncoding = 4; lastKnownFileType = sourcecode.c.h; path = SBJson.h; sourceTree = "<group>"; };
		E4B747381830FEE100B427D4 /* SBJsonParser.h */ = {isa = PBXFileReference; fileEncoding = 4; lastKnownFileType = sourcecode.c.h; path = SBJsonParser.h; sourceTree = "<group>"; };
		E4B747391830FEE100B427D4 /* SBJsonParser.m */ = {isa = PBXFileReference; fileEncoding = 4; lastKnownFileType = sourcecode.c.objc; path = SBJsonParser.m; sourceTree = "<group>"; };
		E4B7473A1830FEE100B427D4 /* SBJsonStreamParser.h */ = {isa = PBXFileReference; fileEncoding = 4; lastKnownFileType = sourcecode.c.h; path = SBJsonStreamParser.h; sourceTree = "<group>"; };
		E4B7473B1830FEE100B427D4 /* SBJsonStreamParser.m */ = {isa = PBXFileReference; fileEncoding = 4; lastKnownFileType = sourcecode.c.objc; path = SBJsonStreamParser.m; sourceTree = "<group>"; };
		E4B7473C1830FEE100B427D4 /* SBJsonStreamParserAccumulator.h */ = {isa = PBXFileReference; fileEncoding = 4; lastKnownFileType = sourcecode.c.h; path = SBJsonStreamParserAccumulator.h; sourceTree = "<group>"; };
		E4B7473D1830FEE100B427D4 /* SBJsonStreamParserAccumulator.m */ = {isa = PBXFileReference; fileEncoding = 4; lastKnownFileType = sourcecode.c.objc; path = SBJsonStreamParserAccumulator.m; sourceTree = "<group>"; };
		E4B7473E1830FEE100B427D4 /* SBJsonStreamParserAdapter.h */ = {isa = PBXFileReference; fileEncoding = 4; lastKnownFileType = sourcecode.c.h; path = SBJsonStreamParserAdapter.h; sourceTree = "<group>"; };
		E4B7473F1830FEE100B427D4 /* SBJsonStreamParserAdapter.m */ = {isa = PBXFileReference; fileEncoding = 4; lastKnownFileType = sourcecode.c.objc; path = SBJsonStreamParserAdapter.m; sourceTree = "<group>"; };
		E4B747401830FEE100B427D4 /* SBJsonStreamParserState.h */ = {isa = PBXFileReference; fileEncoding = 4; lastKnownFileType = sourcecode.c.h; path = SBJsonStreamParserState.h; sourceTree = "<group>"; };
		E4B747411830FEE100B427D4 /* SBJsonStreamParserState.m */ = {isa = PBXFileReference; fileEncoding = 4; lastKnownFileType = sourcecode.c.objc; path = SBJsonStreamParserState.m; sourceTree = "<group>"; };
		E4B747421830FEE100B427D4 /* SBJsonStreamWriter.h */ = {isa = PBXFileReference; fileEncoding = 4; lastKnownFileType = sourcecode.c.h; path = SBJsonStreamWriter.h; sourceTree = "<group>"; };
		E4B747431830FEE100B427D4 /* SBJsonStreamWriter.m */ = {isa = PBXFileReference; fileEncoding = 4; lastKnownFileType = sourcecode.c.objc; path = SBJsonStreamWriter.m; sourceTree = "<group>"; };
		E4B747441830FEE100B427D4 /* SBJsonStreamWriterAccumulator.h */ = {isa = PBXFileReference; fileEncoding = 4; lastKnownFileType = sourcecode.c.h; path = SBJsonStreamWriterAccumulator.h; sourceTree = "<group>"; };
		E4B747451830FEE100B427D4 /* SBJsonStreamWriterAccumulator.m */ = {isa = PBXFileReference; fileEncoding = 4; lastKnownFileType = sourcecode.c.objc; path = SBJsonStreamWriterAccumulator.m; sourceTree = "<group>"; };
		E4B747461830FEE100B427D4 /* SBJsonStreamWriterState.h */ = {isa = PBXFileReference; fileEncoding = 4; lastKnownFileType = sourcecode.c.h; path = SBJsonStreamWriterState.h; sourceTree = "<group>"; };
		E4B747471830FEE100B427D4 /* SBJsonStreamWriterState.m */ = {isa = PBXFileReference; fileEncoding = 4; lastKnownFileType = sourcecode.c.objc; path = SBJsonStreamWriterState.m; sourceTree = "<group>"; };
		E4B747481830FEE100B427D4 /* SBJsonTokeniser.h */ = {isa = PBXFileReference; fileEncoding = 4; lastKnownFileType = sourcecode.c.h; path = SBJsonTokeniser.h; sourceTree = "<group>"; };
		E4B747491830FEE100B427D4 /* SBJsonTokeniser.m */ = {isa = PBXFileReference; fileEncoding = 4; lastKnownFileType = sourcecode.c.objc; path = SBJsonTokeniser.m; sourceTree = "<group>"; };
		E4B7474A1830FEE100B427D4 /* SBJsonUTF8Stream.h */ = {isa = PBXFileReference; fileEncoding = 4; lastKnownFileType = sourcecode.c.h; path = SBJsonUTF8Stream.h; sourceTree = "<group>"; };
		E4B7474B1830FEE100B427D4 /* SBJsonUTF8Stream.m */ = {isa = PBXFileReference; fileEncoding = 4; lastKnownFileType = sourcecode.c.objc; path = SBJsonUTF8Stream.m; sourceTree = "<group>"; };
		E4B7474C1830FEE100B427D4 /* SBJsonWriter.h */ = {isa = PBXFileReference; fileEncoding = 4; lastKnownFileType = sourcecode.c.h; path = SBJsonWriter.h; sourceTree = "<group>"; };
		E4B7474D1830FEE100B427D4 /* SBJsonWriter.m */ = {isa = PBXFileReference; fileEncoding = 4; lastKnownFileType = sourcecode.c.objc; path = SBJsonWriter.m; sourceTree = "<group>"; };
		E4B7475A1831093000B427D4 /* data.json */ = {isa = PBXFileReference; lastKnownFileType = text.json; path = data.json; sourceTree = "<group>"; };
		E4B7475B18311F5A00B427D4 /* buy.png */ = {isa = PBXFileReference; lastKnownFileType = image.png; path = buy.png; sourceTree = "<group>"; };
		E4B7475D18312A3900B427D4 /* NSString+EncodingUTF8Additions.h */ = {isa = PBXFileReference; fileEncoding = 4; lastKnownFileType = sourcecode.c.h; path = "NSString+EncodingUTF8Additions.h"; sourceTree = "<group>"; };
		E4B7475E18312A3900B427D4 /* NSString+EncodingUTF8Additions.m */ = {isa = PBXFileReference; fileEncoding = 4; lastKnownFileType = sourcecode.c.objc; path = "NSString+EncodingUTF8Additions.m"; sourceTree = "<group>"; };
		E4E64BFB183225D800F5ACBD /* SystemConfiguration.framework */ = {isa = PBXFileReference; lastKnownFileType = wrapper.framework; name = SystemConfiguration.framework; path = System/Library/Frameworks/SystemConfiguration.framework; sourceTree = SDKROOT; };
		E4E64C011832303600F5ACBD /* CustomeCell.xib */ = {isa = PBXFileReference; fileEncoding = 4; lastKnownFileType = file.xib; path = CustomeCell.xib; sourceTree = "<group>"; };
		E4E64C031832323E00F5ACBD /* CustomeCell.h */ = {isa = PBXFileReference; fileEncoding = 4; lastKnownFileType = sourcecode.c.h; path = CustomeCell.h; sourceTree = "<group>"; };
		E4E64C041832323E00F5ACBD /* CustomeCell.m */ = {isa = PBXFileReference; fileEncoding = 4; lastKnownFileType = sourcecode.c.objc; path = CustomeCell.m; sourceTree = "<group>"; };
		E4E64C081832548000F5ACBD /* PlayViewController.h */ = {isa = PBXFileReference; fileEncoding = 4; lastKnownFileType = sourcecode.c.h; path = PlayViewController.h; sourceTree = "<group>"; };
		E4E64C091832548000F5ACBD /* PlayViewController.m */ = {isa = PBXFileReference; fileEncoding = 4; lastKnownFileType = sourcecode.c.objc; path = PlayViewController.m; sourceTree = "<group>"; };
		E4EBD38118373AE6009A0903 /* MapLocation.h */ = {isa = PBXFileReference; fileEncoding = 4; lastKnownFileType = sourcecode.c.h; path = MapLocation.h; sourceTree = "<group>"; };
		E4EBD38218373AE6009A0903 /* MapLocation.m */ = {isa = PBXFileReference; fileEncoding = 4; lastKnownFileType = sourcecode.c.objc; path = MapLocation.m; sourceTree = "<group>"; };
		E4EBD3D71837BB0B009A0903 /* UITableContract@2x.png */ = {isa = PBXFileReference; lastKnownFileType = image.png; path = "UITableContract@2x.png"; sourceTree = "<group>"; };
		E4EBD3D81837BB0B009A0903 /* UITableExpand@2x.png */ = {isa = PBXFileReference; lastKnownFileType = image.png; path = "UITableExpand@2x.png"; sourceTree = "<group>"; };
		E4FD0E1D183E3141001E8388 /* NAMenuItem.h */ = {isa = PBXFileReference; fileEncoding = 4; lastKnownFileType = sourcecode.c.h; path = NAMenuItem.h; sourceTree = "<group>"; };
		E4FD0E1E183E3141001E8388 /* NAMenuItem.m */ = {isa = PBXFileReference; fileEncoding = 4; lastKnownFileType = sourcecode.c.objc; path = NAMenuItem.m; sourceTree = "<group>"; };
		E4FD0E1F183E3141001E8388 /* NAMenuItemView.h */ = {isa = PBXFileReference; fileEncoding = 4; lastKnownFileType = sourcecode.c.h; path = NAMenuItemView.h; sourceTree = "<group>"; };
		E4FD0E20183E3141001E8388 /* NAMenuItemView.m */ = {isa = PBXFileReference; fileEncoding = 4; lastKnownFileType = sourcecode.c.objc; path = NAMenuItemView.m; sourceTree = "<group>"; };
		E4FD0E21183E3141001E8388 /* NAMenuItemView.xib */ = {isa = PBXFileReference; fileEncoding = 4; lastKnownFileType = file.xib; path = NAMenuItemView.xib; sourceTree = "<group>"; };
		E4FD0E22183E3141001E8388 /* NAMenuView.h */ = {isa = PBXFileReference; fileEncoding = 4; lastKnownFileType = sourcecode.c.h; path = NAMenuView.h; sourceTree = "<group>"; };
		E4FD0E23183E3141001E8388 /* NAMenuView.m */ = {isa = PBXFileReference; fileEncoding = 4; lastKnownFileType = sourcecode.c.objc; path = NAMenuView.m; sourceTree = "<group>"; };
		E4FD0E29183E3220001E8388 /* CityViewController.h */ = {isa = PBXFileReference; fileEncoding = 4; lastKnownFileType = sourcecode.c.h; path = CityViewController.h; sourceTree = "<group>"; };
		E4FD0E2A183E3220001E8388 /* CityViewController.m */ = {isa = PBXFileReference; fileEncoding = 4; lastKnownFileType = sourcecode.c.objc; path = CityViewController.m; sourceTree = "<group>"; };
		E4FD0E2C183E46A7001E8388 /* back.png */ = {isa = PBXFileReference; lastKnownFileType = image.png; path = back.png; sourceTree = "<group>"; };
		E4FD0E30183E5B66001E8388 /* blueback.png */ = {isa = PBXFileReference; lastKnownFileType = image.png; path = blueback.png; sourceTree = "<group>"; };
		E4FD0E32183E5B9C001E8388 /* greenback.png */ = {isa = PBXFileReference; lastKnownFileType = image.png; path = greenback.png; sourceTree = "<group>"; };
/* End PBXFileReference section */

/* Begin PBXFrameworksBuildPhase section */
		E407CA6B18308103007B266A /* Frameworks */ = {
			isa = PBXFrameworksBuildPhase;
			buildActionMask = 2147483647;
			files = (
				E42C9F1A1833E1FA009297ED /* MapKit.framework in Frameworks */,
				E4E64BFC183225D800F5ACBD /* SystemConfiguration.framework in Frameworks */,
				E407CA7418308103007B266A /* CoreGraphics.framework in Frameworks */,
				E407CA7618308103007B266A /* UIKit.framework in Frameworks */,
				E407CA7218308103007B266A /* Foundation.framework in Frameworks */,
			);
			runOnlyForDeploymentPostprocessing = 0;
		};
		E407CA8618308103007B266A /* Frameworks */ = {
			isa = PBXFrameworksBuildPhase;
			buildActionMask = 2147483647;
			files = (
				E407CA8B18308103007B266A /* XCTest.framework in Frameworks */,
				E407CA8D18308103007B266A /* UIKit.framework in Frameworks */,
				E407CA8C18308103007B266A /* Foundation.framework in Frameworks */,
			);
			runOnlyForDeploymentPostprocessing = 0;
		};
/* End PBXFrameworksBuildPhase section */

/* Begin PBXGroup section */
		E407CA6518308103007B266A = {
			isa = PBXGroup;
			children = (
				E4B7475A1831093000B427D4 /* data.json */,
				E407CA7718308103007B266A /* DZproject */,
				E407CA9018308103007B266A /* DZprojectTests */,
				E407CA7018308103007B266A /* Frameworks */,
				E407CA6F18308103007B266A /* Products */,
			);
			sourceTree = "<group>";
		};
		E407CA6F18308103007B266A /* Products */ = {
			isa = PBXGroup;
			children = (
				E407CA6E18308103007B266A /* DZproject.app */,
				E407CA8918308103007B266A /* DZprojectTests.xctest */,
			);
			name = Products;
			sourceTree = "<group>";
		};
		E407CA7018308103007B266A /* Frameworks */ = {
			isa = PBXGroup;
			children = (
				E42C9F191833E1FA009297ED /* MapKit.framework */,
				E4E64BFB183225D800F5ACBD /* SystemConfiguration.framework */,
				E407CA7118308103007B266A /* Foundation.framework */,
				E407CA7318308103007B266A /* CoreGraphics.framework */,
				E407CA7518308103007B266A /* UIKit.framework */,
				E407CA8A18308103007B266A /* XCTest.framework */,
			);
			name = Frameworks;
			sourceTree = "<group>";
		};
		E407CA7718308103007B266A /* DZproject */ = {
			isa = PBXGroup;
			children = (
				E4B747341830FED100B427D4 /* SBjson */,
				E4B7472C1830FE3600B427D4 /* dianpingSDK */,
				E407CAB21830822D007B266A /* FlatUI */,
				E407CAB118308214007B266A /* Reachability */,
				E407CAA7183081C9007B266A /* KxMenu */,
				E407CAA11830811A007B266A /* classes */,
				E407CAA01830810C007B266A /* imgages */,
				E407CA8318308103007B266A /* Images.xcassets */,
				E407CA7818308103007B266A /* Supporting Files */,
			);
			path = DZproject;
			sourceTree = "<group>";
		};
		E407CA7818308103007B266A /* Supporting Files */ = {
			isa = PBXGroup;
			children = (
				E407CA7918308103007B266A /* DZproject-Info.plist */,
				E407CA7A18308103007B266A /* InfoPlist.strings */,
				E407CA7D18308103007B266A /* main.m */,
				E407CA7F18308103007B266A /* DZproject-Prefix.pch */,
			);
			name = "Supporting Files";
			sourceTree = "<group>";
		};
		E407CA9018308103007B266A /* DZprojectTests */ = {
			isa = PBXGroup;
			children = (
				E407CA9618308103007B266A /* DZprojectTests.m */,
				E407CA9118308103007B266A /* Supporting Files */,
			);
			path = DZprojectTests;
			sourceTree = "<group>";
		};
		E407CA9118308103007B266A /* Supporting Files */ = {
			isa = PBXGroup;
			children = (
				E407CA9218308103007B266A /* DZprojectTests-Info.plist */,
				E407CA9318308103007B266A /* InfoPlist.strings */,
			);
			name = "Supporting Files";
			sourceTree = "<group>";
		};
		E407CAA01830810C007B266A /* imgages */ = {
			isa = PBXGroup;
			children = (
				E4FD0E32183E5B9C001E8388 /* greenback.png */,
				E4FD0E30183E5B66001E8388 /* blueback.png */,
				E4FD0E2C183E46A7001E8388 /* back.png */,
				E405F339183A068200FC801E /* push.png */,
				E448C3D81838ED43006842C7 /* comSamlldown.png */,
				E448C3D91838ED43006842C7 /* comSamllup.png */,
				E420C5A31837D374008781F1 /* play.png */,
				E420C5A41837D374008781F1 /* fashion.png */,
				E4A4A81B1837D11200D85CCE /* more.png */,
				E4EBD3D71837BB0B009A0903 /* UITableContract@2x.png */,
				E4EBD3D81837BB0B009A0903 /* UITableExpand@2x.png */,
				E4B7475B18311F5A00B427D4 /* buy.png */,
				E4B747271830C5A300B427D4 /* cell_album.png */,
				E407CAAC18308202007B266A /* eat.png */,
				E407CAAD18308202007B266A /* love.png */,
			);
			name = imgages;
			sourceTree = "<group>";
		};
		E407CAA11830811A007B266A /* classes */ = {
			isa = PBXGroup;
			children = (
				E4FD0E28183E3167001E8388 /* controllers */,
				E416DAFE183B85410038CD67 /* ignored */,
				E416DAFA183B57B40038CD67 /* model */,
				E4EBD38518373B30009A0903 /* customViews */,
				E4EBD38418373AF7009A0903 /* mapViews */,
				E407CA8018308103007B266A /* LGQAppDelegate.h */,
				E407CA8118308103007B266A /* LGQAppDelegate.m */,
				E407CAA218308138007B266A /* MainStoryboard.storyboard */,
			);
			name = classes;
			sourceTree = "<group>";
		};
		E407CAA7183081C9007B266A /* KxMenu */ = {
			isa = PBXGroup;
			children = (
				E407CAA8183081EE007B266A /* KxMenu.h */,
				E407CAA9183081EE007B266A /* KxMenu.m */,
			);
			name = KxMenu;
			sourceTree = "<group>";
		};
		E407CAB118308214007B266A /* Reachability */ = {
			isa = PBXGroup;
			children = (
				E41A9B6B1837D8A8004B837A /* Reachability.h */,
				E41A9B6C1837D8A8004B837A /* Reachability.m */,
			);
			name = Reachability;
			sourceTree = "<group>";
		};
		E407CAB21830822D007B266A /* FlatUI */ = {
			isa = PBXGroup;
			children = (
				E41A9B441837D788004B837A /* PBBarButtonIconButton.h */,
				E41A9B451837D788004B837A /* PBBarButtonIconButton.m */,
				E41A9B461837D789004B837A /* PBFlatBarButtonItems.h */,
				E41A9B471837D789004B837A /* PBFlatBarButtonItems.m */,
				E41A9B481837D789004B837A /* PBFlatButton.h */,
				E41A9B491837D789004B837A /* PBFlatButton.m */,
				E41A9B4A1837D789004B837A /* PBFlatButtonWithIcon.h */,
				E41A9B4B1837D789004B837A /* PBFlatButtonWithIcon.m */,
				E41A9B4C1837D789004B837A /* PBFlatGroupedStyleCell.h */,
				E41A9B4D1837D789004B837A /* PBFlatGroupedStyleCell.m */,
				E41A9B4E1837D789004B837A /* PBFlatGroupedTableViewController.h */,
				E41A9B4F1837D789004B837A /* PBFlatGroupedTableViewController.m */,
				E41A9B501837D789004B837A /* PBFlatRoundedImageView.h */,
				E41A9B511837D789004B837A /* PBFlatRoundedImageView.m */,
				E41A9B521837D789004B837A /* PBFlatSegmentedControl.h */,
				E41A9B531837D789004B837A /* PBFlatSegmentedControl.m */,
				E41A9B541837D789004B837A /* PBFlatSettings.h */,
				E41A9B551837D789004B837A /* PBFlatSettings.m */,
				E41A9B561837D789004B837A /* PBFlatTextfield.h */,
				E41A9B571837D789004B837A /* PBFlatTextfield.m */,
				E41A9B581837D789004B837A /* PBIconDrawning.h */,
				E41A9B591837D789004B837A /* PBIconDrawning.m */,
				E41A9B5A1837D789004B837A /* UIImage+Additions.h */,
				E41A9B5B1837D789004B837A /* UIImage+Additions.m */,
			);
			name = FlatUI;
			sourceTree = "<group>";
		};
		E416DAFA183B57B40038CD67 /* model */ = {
			isa = PBXGroup;
			children = (
				E416DAFB183B58090038CD67 /* MyDPAPIData.h */,
				E416DAFC183B58090038CD67 /* MyDPAPIData.m */,
			);
			name = model;
			sourceTree = "<group>";
		};
		E416DAFE183B85410038CD67 /* ignored */ = {
			isa = PBXGroup;
			children = (
				E4B747291830C5ED00B427D4 /* BuessViewController.h */,
				E4B7472A1830C5ED00B427D4 /* BuessViewController.m */,
			);
			name = ignored;
			sourceTree = "<group>";
		};
		E4B7472C1830FE3600B427D4 /* dianpingSDK */ = {
			isa = PBXGroup;
			children = (
				E4B7472D1830FE8100B427D4 /* DPAPI.h */,
				E4B7472E1830FE8100B427D4 /* DPAPI.m */,
				E4B7472F1830FE8100B427D4 /* DPRequest.h */,
				E4B747301830FE8100B427D4 /* DPRequest.m */,
				E4B747311830FE8100B427D4 /* DPConstants.h */,
			);
			name = dianpingSDK;
			sourceTree = "<group>";
		};
		E4B747341830FED100B427D4 /* SBjson */ = {
			isa = PBXGroup;
			children = (
				E4B747351830FEE100B427D4 /* NSObject+SBJson.h */,
				E4B747361830FEE100B427D4 /* NSObject+SBJson.m */,
				E4B747371830FEE100B427D4 /* SBJson.h */,
				E4B747381830FEE100B427D4 /* SBJsonParser.h */,
				E4B747391830FEE100B427D4 /* SBJsonParser.m */,
				E4B7473A1830FEE100B427D4 /* SBJsonStreamParser.h */,
				E4B7473B1830FEE100B427D4 /* SBJsonStreamParser.m */,
				E4B7473C1830FEE100B427D4 /* SBJsonStreamParserAccumulator.h */,
				E4B7473D1830FEE100B427D4 /* SBJsonStreamParserAccumulator.m */,
				E4B7473E1830FEE100B427D4 /* SBJsonStreamParserAdapter.h */,
				E4B7473F1830FEE100B427D4 /* SBJsonStreamParserAdapter.m */,
				E4B747401830FEE100B427D4 /* SBJsonStreamParserState.h */,
				E4B747411830FEE100B427D4 /* SBJsonStreamParserState.m */,
				E4B747421830FEE100B427D4 /* SBJsonStreamWriter.h */,
				E4B747431830FEE100B427D4 /* SBJsonStreamWriter.m */,
				E4B747441830FEE100B427D4 /* SBJsonStreamWriterAccumulator.h */,
				E4B747451830FEE100B427D4 /* SBJsonStreamWriterAccumulator.m */,
				E4B747461830FEE100B427D4 /* SBJsonStreamWriterState.h */,
				E4B747471830FEE100B427D4 /* SBJsonStreamWriterState.m */,
				E4B747481830FEE100B427D4 /* SBJsonTokeniser.h */,
				E4B747491830FEE100B427D4 /* SBJsonTokeniser.m */,
				E4B7474A1830FEE100B427D4 /* SBJsonUTF8Stream.h */,
				E4B7474B1830FEE100B427D4 /* SBJsonUTF8Stream.m */,
				E4B7474C1830FEE100B427D4 /* SBJsonWriter.h */,
				E4B7474D1830FEE100B427D4 /* SBJsonWriter.m */,
			);
			name = SBjson;
			sourceTree = "<group>";
		};
		E4EBD38418373AF7009A0903 /* mapViews */ = {
			isa = PBXGroup;
			children = (
				E426EB041834FBA50022E39F /* MapViewController.h */,
				E426EB051834FBA50022E39F /* MapViewController.m */,
				E4EBD38118373AE6009A0903 /* MapLocation.h */,
				E4EBD38218373AE6009A0903 /* MapLocation.m */,
			);
			name = mapViews;
			sourceTree = "<group>";
		};
		E4EBD38518373B30009A0903 /* customViews */ = {
			isa = PBXGroup;
			children = (
				E4FD0E1C183E310B001E8388 /* myViews */,
				E4FD0E1B183E30F1001E8388 /* NAMenu */,
			);
			name = customViews;
			sourceTree = "<group>";
		};
		E4FD0E1B183E30F1001E8388 /* NAMenu */ = {
			isa = PBXGroup;
			children = (
				E4FD0E1D183E3141001E8388 /* NAMenuItem.h */,
				E4FD0E1E183E3141001E8388 /* NAMenuItem.m */,
				E4FD0E1F183E3141001E8388 /* NAMenuItemView.h */,
				E4FD0E20183E3141001E8388 /* NAMenuItemView.m */,
				E4FD0E21183E3141001E8388 /* NAMenuItemView.xib */,
				E4FD0E22183E3141001E8388 /* NAMenuView.h */,
				E4FD0E23183E3141001E8388 /* NAMenuView.m */,
			);
			name = NAMenu;
			sourceTree = "<group>";
		};
		E4FD0E1C183E310B001E8388 /* myViews */ = {
			isa = PBXGroup;
			children = (
				E448C3D11838EA4E006842C7 /* MyComboxView.h */,
				E448C3D21838EA4E006842C7 /* MyComboxView.m */,
				E4E64C011832303600F5ACBD /* CustomeCell.xib */,
				E4E64C031832323E00F5ACBD /* CustomeCell.h */,
				E4E64C041832323E00F5ACBD /* CustomeCell.m */,
				E405F334183A01DC00FC801E /* CategoryTable.h */,
				E405F335183A01DC00FC801E /* CategoryTable.m */,
				E405F33B183A395F00FC801E /* MyComboxHead.h */,
				E405F33C183A395F00FC801E /* MyComboxHead.m */,
			);
			name = myViews;
			sourceTree = "<group>";
		};
		E4FD0E28183E3167001E8388 /* controllers */ = {
			isa = PBXGroup;
			children = (
				E407CAA418308161007B266A /* RootViewController.h */,
				E407CAA518308161007B266A /* RootViewController.m */,
				E407CADA183083D8007B266A /* DZViewController.h */,
				E407CADB183083D8007B266A /* DZViewController.m */,
				E4B7475D18312A3900B427D4 /* NSString+EncodingUTF8Additions.h */,
				E4B7475E18312A3900B427D4 /* NSString+EncodingUTF8Additions.m */,
				E4E64C081832548000F5ACBD /* PlayViewController.h */,
				E4E64C091832548000F5ACBD /* PlayViewController.m */,
				E4218FEE1833563E00374F21 /* MerchantsViewController.h */,
				E4218FEF1833563E00374F21 /* MerchantsViewController.m */,
				E42C9ED51833A5FD009297ED /* NotifitionNames.h */,
				E426EAE81834B3DA0022E39F /* MyViewController.h */,
				E426EAE91834B3DA0022E39F /* MyViewController.m */,
				E4FD0E29183E3220001E8388 /* CityViewController.h */,
				E4FD0E2A183E3220001E8388 /* CityViewController.m */,
			);
			name = controllers;
			sourceTree = "<group>";
		};
/* End PBXGroup section */

/* Begin PBXNativeTarget section */
		E407CA6D18308103007B266A /* DZproject */ = {
			isa = PBXNativeTarget;
			buildConfigurationList = E407CA9A18308103007B266A /* Build configuration list for PBXNativeTarget "DZproject" */;
			buildPhases = (
				E407CA6A18308103007B266A /* Sources */,
				E407CA6B18308103007B266A /* Frameworks */,
				E407CA6C18308103007B266A /* Resources */,
			);
			buildRules = (
			);
			dependencies = (
			);
			name = DZproject;
			productName = DZproject;
			productReference = E407CA6E18308103007B266A /* DZproject.app */;
			productType = "com.apple.product-type.application";
		};
		E407CA8818308103007B266A /* DZprojectTests */ = {
			isa = PBXNativeTarget;
			buildConfigurationList = E407CA9D18308103007B266A /* Build configuration list for PBXNativeTarget "DZprojectTests" */;
			buildPhases = (
				E407CA8518308103007B266A /* Sources */,
				E407CA8618308103007B266A /* Frameworks */,
				E407CA8718308103007B266A /* Resources */,
			);
			buildRules = (
			);
			dependencies = (
				E407CA8F18308103007B266A /* PBXTargetDependency */,
			);
			name = DZprojectTests;
			productName = DZprojectTests;
			productReference = E407CA8918308103007B266A /* DZprojectTests.xctest */;
			productType = "com.apple.product-type.bundle.unit-test";
		};
/* End PBXNativeTarget section */

/* Begin PBXProject section */
		E407CA6618308103007B266A /* Project object */ = {
			isa = PBXProject;
			attributes = {
				CLASSPREFIX = LGQ;
				LastUpgradeCheck = 0500;
				ORGANIZATIONNAME = lianggq;
				TargetAttributes = {
					E407CA8818308103007B266A = {
						TestTargetID = E407CA6D18308103007B266A;
					};
				};
			};
			buildConfigurationList = E407CA6918308103007B266A /* Build configuration list for PBXProject "DZproject" */;
			compatibilityVersion = "Xcode 3.2";
			developmentRegion = English;
			hasScannedForEncodings = 0;
			knownRegions = (
				en,
			);
			mainGroup = E407CA6518308103007B266A;
			productRefGroup = E407CA6F18308103007B266A /* Products */;
			projectDirPath = "";
			projectRoot = "";
			targets = (
				E407CA6D18308103007B266A /* DZproject */,
				E407CA8818308103007B266A /* DZprojectTests */,
			);
		};
/* End PBXProject section */

/* Begin PBXResourcesBuildPhase section */
		E407CA6C18308103007B266A /* Resources */ = {
			isa = PBXResourcesBuildPhase;
			buildActionMask = 2147483647;
			files = (
				E4E64C021832303600F5ACBD /* CustomeCell.xib in Resources */,
				E4FD0E26183E3141001E8388 /* NAMenuItemView.xib in Resources */,
				E4A4A81C1837D11200D85CCE /* more.png in Resources */,
				E4FD0E31183E5B66001E8388 /* blueback.png in Resources */,
				E407CAA318308138007B266A /* MainStoryboard.storyboard in Resources */,
				E4B747281830C5A300B427D4 /* cell_album.png in Resources */,
				E4EBD3D91837BB0B009A0903 /* UITableContract@2x.png in Resources */,
				E420C5A51837D374008781F1 /* play.png in Resources */,
				E4FD0E33183E5B9C001E8388 /* greenback.png in Resources */,
				E448C3DB1838ED43006842C7 /* comSamllup.png in Resources */,
				E4B7475C18311F5A00B427D4 /* buy.png in Resources */,
				E407CA7C18308103007B266A /* InfoPlist.strings in Resources */,
				E4FD0E2D183E46A7001E8388 /* back.png in Resources */,
				E4EBD3DA1837BB0B009A0903 /* UITableExpand@2x.png in Resources */,
				E420C5A61837D374008781F1 /* fashion.png in Resources */,
				E405F33A183A068200FC801E /* push.png in Resources */,
				E407CAAF18308202007B266A /* eat.png in Resources */,
				E407CA8418308103007B266A /* Images.xcassets in Resources */,
				E407CAB018308202007B266A /* love.png in Resources */,
				E448C3DA1838ED43006842C7 /* comSamlldown.png in Resources */,
			);
			runOnlyForDeploymentPostprocessing = 0;
		};
		E407CA8718308103007B266A /* Resources */ = {
			isa = PBXResourcesBuildPhase;
			buildActionMask = 2147483647;
			files = (
				E407CA9518308103007B266A /* InfoPlist.strings in Resources */,
			);
			runOnlyForDeploymentPostprocessing = 0;
		};
/* End PBXResourcesBuildPhase section */

/* Begin PBXSourcesBuildPhase section */
		E407CA6A18308103007B266A /* Sources */ = {
			isa = PBXSourcesBuildPhase;
			buildActionMask = 2147483647;
			files = (
				E4B747321830FE8100B427D4 /* DPAPI.m in Sources */,
				E41A9B631837D789004B837A /* PBFlatSegmentedControl.m in Sources */,
				E416DAFD183B58090038CD67 /* MyDPAPIData.m in Sources */,
				E41A9B5D1837D789004B837A /* PBFlatBarButtonItems.m in Sources */,
				E407CADC183083D8007B266A /* DZViewController.m in Sources */,
				E4B747561830FEE100B427D4 /* SBJsonStreamWriterState.m in Sources */,
				E4B747521830FEE100B427D4 /* SBJsonStreamParserAdapter.m in Sources */,
				E405F336183A01DC00FC801E /* CategoryTable.m in Sources */,
				E407CA7E18308103007B266A /* main.m in Sources */,
				E41A9B661837D789004B837A /* PBIconDrawning.m in Sources */,
				E41A9B621837D789004B837A /* PBFlatRoundedImageView.m in Sources */,
				E41A9B641837D789004B837A /* PBFlatSettings.m in Sources */,
				E41A9B5C1837D789004B837A /* PBBarButtonIconButton.m in Sources */,
				E4B747541830FEE100B427D4 /* SBJsonStreamWriter.m in Sources */,
				E4B747591830FEE100B427D4 /* SBJsonWriter.m in Sources */,
				E407CA8218308103007B266A /* LGQAppDelegate.m in Sources */,
				E4E64C0A1832548000F5ACBD /* PlayViewController.m in Sources */,
				E4FD0E25183E3141001E8388 /* NAMenuItemView.m in Sources */,
				E41A9B5F1837D789004B837A /* PBFlatButtonWithIcon.m in Sources */,
				E4B7475F18312A3900B427D4 /* NSString+EncodingUTF8Additions.m in Sources */,
				E41A9B5E1837D789004B837A /* PBFlatButton.m in Sources */,
				E426EAEA1834B3DA0022E39F /* MyViewController.m in Sources */,
				E4B747581830FEE100B427D4 /* SBJsonUTF8Stream.m in Sources */,
				E4B747571830FEE100B427D4 /* SBJsonTokeniser.m in Sources */,
				E448C3D31838EA4E006842C7 /* MyComboxView.m in Sources */,
				E4B7474E1830FEE100B427D4 /* NSObject+SBJson.m in Sources */,
				E41A9B601837D789004B837A /* PBFlatGroupedStyleCell.m in Sources */,
				E41A9B651837D789004B837A /* PBFlatTextfield.m in Sources */,
				E4B747531830FEE100B427D4 /* SBJsonStreamParserState.m in Sources */,
				E4B7474F1830FEE100B427D4 /* SBJsonParser.m in Sources */,
				E4B747511830FEE100B427D4 /* SBJsonStreamParserAccumulator.m in Sources */,
				E4B747501830FEE100B427D4 /* SBJsonStreamParser.m in Sources */,
				E4FD0E27183E3141001E8388 /* NAMenuView.m in Sources */,
				E4E64C051832323E00F5ACBD /* CustomeCell.m in Sources */,
				E407CAA618308161007B266A /* RootViewController.m in Sources */,
				E4B7472B1830C5ED00B427D4 /* BuessViewController.m in Sources */,
				E4218FF01833563E00374F21 /* MerchantsViewController.m in Sources */,
				E41A9B611837D789004B837A /* PBFlatGroupedTableViewController.m in Sources */,
				E405F33D183A395F00FC801E /* MyComboxHead.m in Sources */,
				E4FD0E2B183E3220001E8388 /* CityViewController.m in Sources */,
				E4FD0E24183E3141001E8388 /* NAMenuItem.m in Sources */,
				E41A9B671837D789004B837A /* UIImage+Additions.m in Sources */,
				E41A9B6D1837D8A8004B837A /* Reachability.m in Sources */,
				E4EBD38318373AE6009A0903 /* MapLocation.m in Sources */,
				E407CAAA183081EE007B266A /* KxMenu.m in Sources */,
				E426EB061834FBA50022E39F /* MapViewController.m in Sources */,
				E4B747331830FE8100B427D4 /* DPRequest.m in Sources */,
				E4B747551830FEE100B427D4 /* SBJsonStreamWriterAccumulator.m in Sources */,
			);
			runOnlyForDeploymentPostprocessing = 0;
		};
		E407CA8518308103007B266A /* Sources */ = {
			isa = PBXSourcesBuildPhase;
			buildActionMask = 2147483647;
			files = (
				E407CA9718308103007B266A /* DZprojectTests.m in Sources */,
			);
			runOnlyForDeploymentPostprocessing = 0;
		};
/* End PBXSourcesBuildPhase section */

/* Begin PBXTargetDependency section */
		E407CA8F18308103007B266A /* PBXTargetDependency */ = {
			isa = PBXTargetDependency;
			target = E407CA6D18308103007B266A /* DZproject */;
			targetProxy = E407CA8E18308103007B266A /* PBXContainerItemProxy */;
		};
/* End PBXTargetDependency section */

/* Begin PBXVariantGroup section */
		E407CA7A18308103007B266A /* InfoPlist.strings */ = {
			isa = PBXVariantGroup;
			children = (
				E407CA7B18308103007B266A /* en */,
			);
			name = InfoPlist.strings;
			sourceTree = "<group>";
		};
		E407CA9318308103007B266A /* InfoPlist.strings */ = {
			isa = PBXVariantGroup;
			children = (
				E407CA9418308103007B266A /* en */,
			);
			name = InfoPlist.strings;
			sourceTree = "<group>";
		};
/* End PBXVariantGroup section */

/* Begin XCBuildConfiguration section */
		E407CA9818308103007B266A /* Debug */ = {
			isa = XCBuildConfiguration;
			buildSettings = {
				ALWAYS_SEARCH_USER_PATHS = NO;
				ARCHS = "$(ARCHS_STANDARD_INCLUDING_64_BIT)";
				CLANG_CXX_LANGUAGE_STANDARD = "gnu++0x";
				CLANG_CXX_LIBRARY = "libc++";
				CLANG_ENABLE_MODULES = YES;
				CLANG_ENABLE_OBJC_ARC = YES;
				CLANG_WARN_BOOL_CONVERSION = YES;
				CLANG_WARN_CONSTANT_CONVERSION = YES;
				CLANG_WARN_DIRECT_OBJC_ISA_USAGE = YES_ERROR;
				CLANG_WARN_EMPTY_BODY = YES;
				CLANG_WARN_ENUM_CONVERSION = YES;
				CLANG_WARN_INT_CONVERSION = YES;
				CLANG_WARN_OBJC_ROOT_CLASS = YES_ERROR;
				CLANG_WARN__DUPLICATE_METHOD_MATCH = YES;
				"CODE_SIGN_IDENTITY[sdk=iphoneos*]" = "iPhone Developer";
				COPY_PHASE_STRIP = NO;
				GCC_C_LANGUAGE_STANDARD = gnu99;
				GCC_DYNAMIC_NO_PIC = NO;
				GCC_OPTIMIZATION_LEVEL = 0;
				GCC_PREPROCESSOR_DEFINITIONS = (
					"DEBUG=1",
					"$(inherited)",
				);
				GCC_SYMBOLS_PRIVATE_EXTERN = NO;
				GCC_WARN_64_TO_32_BIT_CONVERSION = YES;
				GCC_WARN_ABOUT_RETURN_TYPE = YES_ERROR;
				GCC_WARN_UNDECLARED_SELECTOR = YES;
				GCC_WARN_UNINITIALIZED_AUTOS = YES;
				GCC_WARN_UNUSED_FUNCTION = YES;
				GCC_WARN_UNUSED_VARIABLE = YES;
				IPHONEOS_DEPLOYMENT_TARGET = 7.0;
				ONLY_ACTIVE_ARCH = YES;
				SDKROOT = iphoneos;
			};
			name = Debug;
		};
		E407CA9918308103007B266A /* Release */ = {
			isa = XCBuildConfiguration;
			buildSettings = {
				ALWAYS_SEARCH_USER_PATHS = NO;
				ARCHS = "$(ARCHS_STANDARD_INCLUDING_64_BIT)";
				CLANG_CXX_LANGUAGE_STANDARD = "gnu++0x";
				CLANG_CXX_LIBRARY = "libc++";
				CLANG_ENABLE_MODULES = YES;
				CLANG_ENABLE_OBJC_ARC = YES;
				CLANG_WARN_BOOL_CONVERSION = YES;
				CLANG_WARN_CONSTANT_CONVERSION = YES;
				CLANG_WARN_DIRECT_OBJC_ISA_USAGE = YES_ERROR;
				CLANG_WARN_EMPTY_BODY = YES;
				CLANG_WARN_ENUM_CONVERSION = YES;
				CLANG_WARN_INT_CONVERSION = YES;
				CLANG_WARN_OBJC_ROOT_CLASS = YES_ERROR;
				CLANG_WARN__DUPLICATE_METHOD_MATCH = YES;
				"CODE_SIGN_IDENTITY[sdk=iphoneos*]" = "iPhone Developer";
				COPY_PHASE_STRIP = YES;
				ENABLE_NS_ASSERTIONS = NO;
				GCC_C_LANGUAGE_STANDARD = gnu99;
				GCC_WARN_64_TO_32_BIT_CONVERSION = YES;
				GCC_WARN_ABOUT_RETURN_TYPE = YES_ERROR;
				GCC_WARN_UNDECLARED_SELECTOR = YES;
				GCC_WARN_UNINITIALIZED_AUTOS = YES;
				GCC_WARN_UNUSED_FUNCTION = YES;
				GCC_WARN_UNUSED_VARIABLE = YES;
				IPHONEOS_DEPLOYMENT_TARGET = 7.0;
				SDKROOT = iphoneos;
				VALIDATE_PRODUCT = YES;
			};
			name = Release;
		};
		E407CA9B18308103007B266A /* Debug */ = {
			isa = XCBuildConfiguration;
			buildSettings = {
				ASSETCATALOG_COMPILER_APPICON_NAME = AppIcon;
				ASSETCATALOG_COMPILER_LAUNCHIMAGE_NAME = LaunchImage;
				GCC_PRECOMPILE_PREFIX_HEADER = YES;
				GCC_PREFIX_HEADER = "DZproject/DZproject-Prefix.pch";
				INFOPLIST_FILE = "DZproject/DZproject-Info.plist";
				LIBRARY_SEARCH_PATHS = (
					"$(inherited)",
					"$(SDKROOT)/usr/lib/system",
				);
				PRODUCT_NAME = "$(TARGET_NAME)";
				WRAPPER_EXTENSION = app;
			};
			name = Debug;
		};
		E407CA9C18308103007B266A /* Release */ = {
			isa = XCBuildConfiguration;
			buildSettings = {
				ASSETCATALOG_COMPILER_APPICON_NAME = AppIcon;
				ASSETCATALOG_COMPILER_LAUNCHIMAGE_NAME = LaunchImage;
				GCC_PRECOMPILE_PREFIX_HEADER = YES;
				GCC_PREFIX_HEADER = "DZproject/DZproject-Prefix.pch";
				INFOPLIST_FILE = "DZproject/DZproject-Info.plist";
				LIBRARY_SEARCH_PATHS = (
					"$(inherited)",
					"$(SDKROOT)/usr/lib/system",
				);
				PRODUCT_NAME = "$(TARGET_NAME)";
				WRAPPER_EXTENSION = app;
			};
			name = Release;
		};
		E407CA9E18308103007B266A /* Debug */ = {
			isa = XCBuildConfiguration;
			buildSettings = {
				ARCHS = "$(ARCHS_STANDARD_INCLUDING_64_BIT)";
				BUNDLE_LOADER = "$(BUILT_PRODUCTS_DIR)/DZproject.app/DZproject";
				FRAMEWORK_SEARCH_PATHS = (
					"$(SDKROOT)/Developer/Library/Frameworks",
					"$(inherited)",
					"$(DEVELOPER_FRAMEWORKS_DIR)",
				);
				GCC_PRECOMPILE_PREFIX_HEADER = YES;
				GCC_PREFIX_HEADER = "DZproject/DZproject-Prefix.pch";
				GCC_PREPROCESSOR_DEFINITIONS = (
					"DEBUG=1",
					"$(inherited)",
				);
				INFOPLIST_FILE = "DZprojectTests/DZprojectTests-Info.plist";
				PRODUCT_NAME = "$(TARGET_NAME)";
				TEST_HOST = "$(BUNDLE_LOADER)";
				WRAPPER_EXTENSION = xctest;
			};
			name = Debug;
		};
		E407CA9F18308103007B266A /* Release */ = {
			isa = XCBuildConfiguration;
			buildSettings = {
				ARCHS = "$(ARCHS_STANDARD_INCLUDING_64_BIT)";
				BUNDLE_LOADER = "$(BUILT_PRODUCTS_DIR)/DZproject.app/DZproject";
				FRAMEWORK_SEARCH_PATHS = (
					"$(SDKROOT)/Developer/Library/Frameworks",
					"$(inherited)",
					"$(DEVELOPER_FRAMEWORKS_DIR)",
				);
				GCC_PRECOMPILE_PREFIX_HEADER = YES;
				GCC_PREFIX_HEADER = "DZproject/DZproject-Prefix.pch";
				INFOPLIST_FILE = "DZprojectTests/DZprojectTests-Info.plist";
				PRODUCT_NAME = "$(TARGET_NAME)";
				TEST_HOST = "$(BUNDLE_LOADER)";
				WRAPPER_EXTENSION = xctest;
			};
			name = Release;
		};
/* End XCBuildConfiguration section */

/* Begin XCConfigurationList section */
		E407CA6918308103007B266A /* Build configuration list for PBXProject "DZproject" */ = {
			isa = XCConfigurationList;
			buildConfigurations = (
				E407CA9818308103007B266A /* Debug */,
				E407CA9918308103007B266A /* Release */,
			);
			defaultConfigurationIsVisible = 0;
			defaultConfigurationName = Release;
		};
		E407CA9A18308103007B266A /* Build configuration list for PBXNativeTarget "DZproject" */ = {
			isa = XCConfigurationList;
			buildConfigurations = (
				E407CA9B18308103007B266A /* Debug */,
				E407CA9C18308103007B266A /* Release */,
			);
			defaultConfigurationIsVisible = 0;
			defaultConfigurationName = Release;
		};
		E407CA9D18308103007B266A /* Build configuration list for PBXNativeTarget "DZprojectTests" */ = {
			isa = XCConfigurationList;
			buildConfigurations = (
				E407CA9E18308103007B266A /* Debug */,
				E407CA9F18308103007B266A /* Release */,
			);
			defaultConfigurationIsVisible = 0;
			defaultConfigurationName = Release;
		};
/* End XCConfigurationList section */
	};
	rootObject = E407CA6618308103007B266A /* Project object */;
}
